// !$*UTF8*$!
{
	archiveVersion = 1;
	classes = {
	};
	objectVersion = 51;
	objects = {

/* Begin PBXBuildFile section */
		583AA96203A75C7ECF0FB934 /* libPods-EntainmentWorldTests.a in Frameworks */ = {isa = PBXBuildFile; fileRef = EF7207D546C4EA82189EF162 /* libPods-EntainmentWorldTests.a */; };
		A5337644B0F44E423B4B491C /* libPods-EntainmentWorld.a in Frameworks */ = {isa = PBXBuildFile; fileRef = A37AF0CF84691BC60AEBD9BE /* libPods-EntainmentWorld.a */; };
		A61176D9243D78B90087BD8A /* CustomUILabel.swift in Sources */ = {isa = PBXBuildFile; fileRef = A61176D8243D78B90087BD8A /* CustomUILabel.swift */; };
		A61A3534243D52BC006F16F6 /* UItableCell.swift in Sources */ = {isa = PBXBuildFile; fileRef = A61A3533243D52BC006F16F6 /* UItableCell.swift */; };
		A61DA4F5245927A8002D2847 /* NetworkConnectivity.swift in Sources */ = {isa = PBXBuildFile; fileRef = A61DA4F4245927A8002D2847 /* NetworkConnectivity.swift */; };
		A61E6687243F591C00D8D236 /* CustomSearchBar.swift in Sources */ = {isa = PBXBuildFile; fileRef = A61E6686243F591C00D8D236 /* CustomSearchBar.swift */; };
		A61E6689243F5DF800D8D236 /* HeaderForCollectionReusableView.swift in Sources */ = {isa = PBXBuildFile; fileRef = A61E6688243F5DF800D8D236 /* HeaderForCollectionReusableView.swift */; };
		A61E668D243F68D200D8D236 /* TVShowsDetails.storyboard in Resources */ = {isa = PBXBuildFile; fileRef = A61E668C243F68D200D8D236 /* TVShowsDetails.storyboard */; };
		A6354E162457BEF30060DD54 /* Frames.swift in Sources */ = {isa = PBXBuildFile; fileRef = A6354E152457BEF30060DD54 /* Frames.swift */; };
		A63E9390243C4582006A8884 /* AppDelegate.swift in Sources */ = {isa = PBXBuildFile; fileRef = A63E938F243C4582006A8884 /* AppDelegate.swift */; };
		A63E9392243C4582006A8884 /* SceneDelegate.swift in Sources */ = {isa = PBXBuildFile; fileRef = A63E9391243C4582006A8884 /* SceneDelegate.swift */; };
		A63E9394243C4582006A8884 /* DashboardViewController.swift in Sources */ = {isa = PBXBuildFile; fileRef = A63E9393243C4582006A8884 /* DashboardViewController.swift */; };
		A63E9397243C4582006A8884 /* Main.storyboard in Resources */ = {isa = PBXBuildFile; fileRef = A63E9395243C4582006A8884 /* Main.storyboard */; };
		A63E939A243C4582006A8884 /* EntainmentWorld.xcdatamodeld in Sources */ = {isa = PBXBuildFile; fileRef = A63E9398243C4582006A8884 /* EntainmentWorld.xcdatamodeld */; };
		A63E939C243C4582006A8884 /* Assets.xcassets in Resources */ = {isa = PBXBuildFile; fileRef = A63E939B243C4582006A8884 /* Assets.xcassets */; };
		A63E939F243C4582006A8884 /* LaunchScreen.storyboard in Resources */ = {isa = PBXBuildFile; fileRef = A63E939D243C4582006A8884 /* LaunchScreen.storyboard */; };
		A63E93AA243C4582006A8884 /* EntainmentWorldTests.swift in Sources */ = {isa = PBXBuildFile; fileRef = A63E93A9243C4582006A8884 /* EntainmentWorldTests.swift */; };
		A63E93B5243C4582006A8884 /* EntainmentWorldUITests.swift in Sources */ = {isa = PBXBuildFile; fileRef = A63E93B4243C4582006A8884 /* EntainmentWorldUITests.swift */; };
		A63E93C7243C46C6006A8884 /* Dashboard.storyboard in Resources */ = {isa = PBXBuildFile; fileRef = A63E93C6243C46C6006A8884 /* Dashboard.storyboard */; };
		A63E93C9243C493F006A8884 /* Search.storyboard in Resources */ = {isa = PBXBuildFile; fileRef = A63E93C8243C493F006A8884 /* Search.storyboard */; };
		A63E93CD243C4CB7006A8884 /* UITabViewController.swift in Sources */ = {isa = PBXBuildFile; fileRef = A63E93CC243C4CB7006A8884 /* UITabViewController.swift */; };
		A63E93D6243C4E1B006A8884 /* customButtons.swift in Sources */ = {isa = PBXBuildFile; fileRef = A63E93D5243C4E1B006A8884 /* customButtons.swift */; };
		A63E93DC243C5F0E006A8884 /* Movies.storyboard in Resources */ = {isa = PBXBuildFile; fileRef = A63E93DB243C5F0E006A8884 /* Movies.storyboard */; };
		A63E93E0243C5FBE006A8884 /* Login.storyboard in Resources */ = {isa = PBXBuildFile; fileRef = A63E93DF243C5FBE006A8884 /* Login.storyboard */; };
		A63E93E2243C61AB006A8884 /* MovieViewController.swift in Sources */ = {isa = PBXBuildFile; fileRef = A63E93E1243C61AB006A8884 /* MovieViewController.swift */; };
		A63E93EB243C6333006A8884 /* UICollection.swift in Sources */ = {isa = PBXBuildFile; fileRef = A63E93EA243C6333006A8884 /* UICollection.swift */; };
		A63E93ED243C6D37006A8884 /* Constants.swift in Sources */ = {isa = PBXBuildFile; fileRef = A63E93EC243C6D37006A8884 /* Constants.swift */; };
		A63E93EF243C733C006A8884 /* customUIImage.swift in Sources */ = {isa = PBXBuildFile; fileRef = A63E93EE243C733C006A8884 /* customUIImage.swift */; };
		A63E93F3243C8296006A8884 /* CollectionViewCell.swift in Sources */ = {isa = PBXBuildFile; fileRef = A63E93F2243C8296006A8884 /* CollectionViewCell.swift */; };
		A6413CD0244405640037A1A9 /* UIBarButton.swift in Sources */ = {isa = PBXBuildFile; fileRef = A6413CCF244405640037A1A9 /* UIBarButton.swift */; };
		A6413CD224440D690037A1A9 /* ItemDetailViewControllerForTable.swift in Sources */ = {isa = PBXBuildFile; fileRef = A6413CD124440D690037A1A9 /* ItemDetailViewControllerForTable.swift */; };
		A65E000424493F0A0021BE49 /* LoadMoreDataProtocol.swift in Sources */ = {isa = PBXBuildFile; fileRef = A65E000324493F0A0021BE49 /* LoadMoreDataProtocol.swift */; };
		A65E000624493F5B0021BE49 /* PopularShowsDataSource.swift in Sources */ = {isa = PBXBuildFile; fileRef = A65E000524493F5B0021BE49 /* PopularShowsDataSource.swift */; };
		A65E000824493F910021BE49 /* TOPRatedShowsDataSource.swift in Sources */ = {isa = PBXBuildFile; fileRef = A65E000724493F910021BE49 /* TOPRatedShowsDataSource.swift */; };
		A65E000A24493FCB0021BE49 /* OnAirShowsDataSource.swift in Sources */ = {isa = PBXBuildFile; fileRef = A65E000924493FCB0021BE49 /* OnAirShowsDataSource.swift */; };
		A65E0016244944D40021BE49 /* DataSourceProviderForMovieTable.swift in Sources */ = {isa = PBXBuildFile; fileRef = A65E0015244944D40021BE49 /* DataSourceProviderForMovieTable.swift */; };
		A65E00182449468B0021BE49 /* TopRatedMoviesDataSource.swift in Sources */ = {isa = PBXBuildFile; fileRef = A65E00172449468B0021BE49 /* TopRatedMoviesDataSource.swift */; };
		A65E001A244946DE0021BE49 /* NowPlayingMoviesDataSource.swift in Sources */ = {isa = PBXBuildFile; fileRef = A65E0019244946DE0021BE49 /* NowPlayingMoviesDataSource.swift */; };
		A65E001C244946FE0021BE49 /* PopularMoviesDataSource.swift in Sources */ = {isa = PBXBuildFile; fileRef = A65E001B244946FE0021BE49 /* PopularMoviesDataSource.swift */; };
		A65E001E2449471B0021BE49 /* UpcomingMoviesDataSource.swift in Sources */ = {isa = PBXBuildFile; fileRef = A65E001D2449471B0021BE49 /* UpcomingMoviesDataSource.swift */; };
		A65E002024494ADA0021BE49 /* LoadMoreMovieDataProtocol.swift in Sources */ = {isa = PBXBuildFile; fileRef = A65E001F24494ADA0021BE49 /* LoadMoreMovieDataProtocol.swift */; };
		A669BE33245C1A63005D96D1 /* BottamSheetExtension.swift in Sources */ = {isa = PBXBuildFile; fileRef = A669BE32245C1A63005D96D1 /* BottamSheetExtension.swift */; };
		A669BE38245C1CE4005D96D1 /* UITableExtension.swift in Sources */ = {isa = PBXBuildFile; fileRef = A669BE37245C1CE4005D96D1 /* UITableExtension.swift */; };
		A669BE3A245C1D19005D96D1 /* LoadMoreContentExtension.swift in Sources */ = {isa = PBXBuildFile; fileRef = A669BE39245C1D19005D96D1 /* LoadMoreContentExtension.swift */; };
		A669BE3C245C1D4E005D96D1 /* CollectionItemSelectedExtension.swift in Sources */ = {isa = PBXBuildFile; fileRef = A669BE3B245C1D4E005D96D1 /* CollectionItemSelectedExtension.swift */; };
		A669BE3F245C1DEE005D96D1 /* UICollectionExtension.swift in Sources */ = {isa = PBXBuildFile; fileRef = A669BE3E245C1DEE005D96D1 /* UICollectionExtension.swift */; };
		A669BE41245C1ED7005D96D1 /* CollectionViewExtension.swift in Sources */ = {isa = PBXBuildFile; fileRef = A669BE40245C1ED7005D96D1 /* CollectionViewExtension.swift */; };
		A66FB86E24458AB600066249 /* MovieResponse.swift in Sources */ = {isa = PBXBuildFile; fileRef = A66FB86D24458AB600066249 /* MovieResponse.swift */; };
		A6725695243EBFFC00654257 /* CircularAnimationView.swift in Sources */ = {isa = PBXBuildFile; fileRef = A6725694243EBFFC00654257 /* CircularAnimationView.swift */; };
		A6725698243EF7F100654257 /* Connection.swift in Sources */ = {isa = PBXBuildFile; fileRef = A6725697243EF7F100654257 /* Connection.swift */; };
		A673D68C2461352C00651FB4 /* PersistentDataManager.swift in Sources */ = {isa = PBXBuildFile; fileRef = A673D68B2461352C00651FB4 /* PersistentDataManager.swift */; };
		A673D6BB24613F7A00651FB4 /* Movies+CoreDataClass.swift in Sources */ = {isa = PBXBuildFile; fileRef = A673D6B724613F7A00651FB4 /* Movies+CoreDataClass.swift */; };
		A673D6BC24613F7A00651FB4 /* Movies+CoreDataProperties.swift in Sources */ = {isa = PBXBuildFile; fileRef = A673D6B824613F7A00651FB4 /* Movies+CoreDataProperties.swift */; };
		A673D6BD24613F7A00651FB4 /* TvShows+CoreDataClass.swift in Sources */ = {isa = PBXBuildFile; fileRef = A673D6B924613F7A00651FB4 /* TvShows+CoreDataClass.swift */; };
		A673D6BE24613F7A00651FB4 /* TvShows+CoreDataProperties.swift in Sources */ = {isa = PBXBuildFile; fileRef = A673D6BA24613F7A00651FB4 /* TvShows+CoreDataProperties.swift */; };
		A675B4242445577400CF01E8 /* TVShowsViewController.swift in Sources */ = {isa = PBXBuildFile; fileRef = A675B4232445577400CF01E8 /* TVShowsViewController.swift */; };
		A675B42824455B2600CF01E8 /* CustomTable.swift in Sources */ = {isa = PBXBuildFile; fileRef = A675B42724455B2600CF01E8 /* CustomTable.swift */; };
		A675B43624457EE700CF01E8 /* TVShowsResponse.swift in Sources */ = {isa = PBXBuildFile; fileRef = A675B43524457EE700CF01E8 /* TVShowsResponse.swift */; };
		A679C17B244AF16C007ABE44 /* BottomSheetViewController.swift in Sources */ = {isa = PBXBuildFile; fileRef = A679C17A244AF16C007ABE44 /* BottomSheetViewController.swift */; };
		A67B88F5245F3A5600F85B26 /* SearchRootController.swift in Sources */ = {isa = PBXBuildFile; fileRef = A67B88F4245F3A5600F85B26 /* SearchRootController.swift */; };
		A67CF5FD245FB023003572EF /* Mycollection.storyboard in Resources */ = {isa = PBXBuildFile; fileRef = A67CF5FC245FB023003572EF /* Mycollection.storyboard */; };
		A67CF600245FB048003572EF /* Mycollection.swift in Sources */ = {isa = PBXBuildFile; fileRef = A67CF5FF245FB048003572EF /* Mycollection.swift */; };
		A67CF602245FB146003572EF /* UISegmentedControll.swift in Sources */ = {isa = PBXBuildFile; fileRef = A67CF601245FB146003572EF /* UISegmentedControll.swift */; };
		A67CF608245FB88E003572EF /* PersistentData.swift in Sources */ = {isa = PBXBuildFile; fileRef = A67CF607245FB88E003572EF /* PersistentData.swift */; };
		A67D8F84244F001D00BD369D /* MovieGenreIdList.swift in Sources */ = {isa = PBXBuildFile; fileRef = A67D8F83244F001D00BD369D /* MovieGenreIdList.swift */; };
		A67D8F86244F02F900BD369D /* TvShowGenre.swift in Sources */ = {isa = PBXBuildFile; fileRef = A67D8F85244F02F900BD369D /* TvShowGenre.swift */; };
		A67D8F88244F036300BD369D /* ShowsGenre.storyboard in Resources */ = {isa = PBXBuildFile; fileRef = A67D8F87244F036300BD369D /* ShowsGenre.storyboard */; };
		A67F46FC2458E0EB004C6B20 /* NoNetworkView.swift in Sources */ = {isa = PBXBuildFile; fileRef = A67F46FB2458E0EB004C6B20 /* NoNetworkView.swift */; };
		A6816E382441B49700F57C15 /* Routes.swift in Sources */ = {isa = PBXBuildFile; fileRef = A6816E372441B49700F57C15 /* Routes.swift */; };
		A6816E3D2441B91200F57C15 /* LatestMovies.swift in Sources */ = {isa = PBXBuildFile; fileRef = A6816E3C2441B91200F57C15 /* LatestMovies.swift */; };
		A6816E432441BD2600F57C15 /* MoviesDetails.swift in Sources */ = {isa = PBXBuildFile; fileRef = A6816E422441BD2600F57C15 /* MoviesDetails.swift */; };
		A6816E472441BE4400F57C15 /* MovieResponceWithDates.swift in Sources */ = {isa = PBXBuildFile; fileRef = A6816E462441BE4400F57C15 /* MovieResponceWithDates.swift */; };
		A681997124514B0200BE4427 /* VideoResponse.swift in Sources */ = {isa = PBXBuildFile; fileRef = A681997024514B0200BE4427 /* VideoResponse.swift */; };
		A68254E7245ABB64005AFA6B /* BackGroundColor.swift in Sources */ = {isa = PBXBuildFile; fileRef = A68254E6245ABB64005AFA6B /* BackGroundColor.swift */; };
		A6830FED24499EA900615A2E /* RootControllerWithUICollectionView.swift in Sources */ = {isa = PBXBuildFile; fileRef = A6830FEC24499EA900615A2E /* RootControllerWithUICollectionView.swift */; };
		A6830FF02449A40400615A2E /* Genre.swift in Sources */ = {isa = PBXBuildFile; fileRef = A6830FEF2449A40400615A2E /* Genre.swift */; };
		A687533224760CCF000A65D8 /* BaseVCForMyCollection.swift in Sources */ = {isa = PBXBuildFile; fileRef = A687533124760CCF000A65D8 /* BaseVCForMyCollection.swift */; };
		A68D05D5244DB30300973C93 /* MoreViewController.swift in Sources */ = {isa = PBXBuildFile; fileRef = A68D05D4244DB30300973C93 /* MoreViewController.swift */; };
		A68DC87E2474B43B0081E172 /* RootVCForCollectionView.swift in Sources */ = {isa = PBXBuildFile; fileRef = A68DC87D2474B43B0081E172 /* RootVCForCollectionView.swift */; };
		A696E6262450828A00C0199C /* BottamSheet.storyboard in Resources */ = {isa = PBXBuildFile; fileRef = A696E6252450828A00C0199C /* BottamSheet.storyboard */; };
		A69E95B22444A47200AEE1B3 /* Discover.storyboard in Resources */ = {isa = PBXBuildFile; fileRef = A69E95B12444A47200AEE1B3 /* Discover.storyboard */; };
		A69E95B42444A4B900AEE1B3 /* TVShows.storyboard in Resources */ = {isa = PBXBuildFile; fileRef = A69E95B32444A4B900AEE1B3 /* TVShows.storyboard */; };
		A69E95B62444A4D600AEE1B3 /* More.storyboard in Resources */ = {isa = PBXBuildFile; fileRef = A69E95B52444A4D600AEE1B3 /* More.storyboard */; };
		A6A81326245179B9002AA51B /* BaseControllerForItemDiscription.swift in Sources */ = {isa = PBXBuildFile; fileRef = A6A81325245179B9002AA51B /* BaseControllerForItemDiscription.swift */; };
		A6B12B182443628300E80E99 /* MovieSearch.swift in Sources */ = {isa = PBXBuildFile; fileRef = A6B12B172443628300E80E99 /* MovieSearch.swift */; };
		A6B12B1B2443633200E80E99 /* TVShows.swift in Sources */ = {isa = PBXBuildFile; fileRef = A6B12B1A2443633200E80E99 /* TVShows.swift */; };
		A6B12B1E2443655D00E80E99 /* TVSearch.swift in Sources */ = {isa = PBXBuildFile; fileRef = A6B12B1D2443655D00E80E99 /* TVSearch.swift */; };
		A6B2878124419F5800E5A37E /* DBConnection.swift in Sources */ = {isa = PBXBuildFile; fileRef = A6B2878024419F5800E5A37E /* DBConnection.swift */; };
		A6B90118244F2499005378D1 /* TVShowsGenreDiscover.swift in Sources */ = {isa = PBXBuildFile; fileRef = A6B90117244F2499005378D1 /* TVShowsGenreDiscover.swift */; };
		A6B9011E244F29CF005378D1 /* TVShowsListByGenre.storyboard in Resources */ = {isa = PBXBuildFile; fileRef = A6B9011D244F29CF005378D1 /* TVShowsListByGenre.storyboard */; };
		A6B90120244F2CC1005378D1 /* MoviesListByGenreID.storyboard in Resources */ = {isa = PBXBuildFile; fileRef = A6B9011F244F2CC1005378D1 /* MoviesListByGenreID.storyboard */; };
		A6B90122244F2CE4005378D1 /* MoviesListByGenreID.swift in Sources */ = {isa = PBXBuildFile; fileRef = A6B90121244F2CE4005378D1 /* MoviesListByGenreID.swift */; };
		A6BA8656244AD04A00EA561C /* CollectionViewSelectedItemProtocol.swift in Sources */ = {isa = PBXBuildFile; fileRef = A6BA8655244AD04A00EA561C /* CollectionViewSelectedItemProtocol.swift */; };
		A6BC2AFE245A556C00E6BCC5 /* Shared.swift in Sources */ = {isa = PBXBuildFile; fileRef = A6BC2AFD245A556C00E6BCC5 /* Shared.swift */; };
		A6BF47ED244DCA1E00C85EA6 /* SearchMovies.swift in Sources */ = {isa = PBXBuildFile; fileRef = A6BF47EC244DCA1E00C85EA6 /* SearchMovies.swift */; };
		A6BF47EF244DCDBD00C85EA6 /* SearchShows.swift in Sources */ = {isa = PBXBuildFile; fileRef = A6BF47EE244DCDBD00C85EA6 /* SearchShows.swift */; };
		A6BF47F3244DCF0B00C85EA6 /* SearchShows.storyboard in Resources */ = {isa = PBXBuildFile; fileRef = A6BF47F2244DCF0B00C85EA6 /* SearchShows.storyboard */; };
		A6CCBDA4244D64B8004DE3D2 /* MoviesDetailsController.swift in Sources */ = {isa = PBXBuildFile; fileRef = A6CCBDA3244D64B8004DE3D2 /* MoviesDetailsController.swift */; };
		A6CCBDA8244D6705004DE3D2 /* moviesDiscription.storyboard in Resources */ = {isa = PBXBuildFile; fileRef = A6CCBDA7244D6705004DE3D2 /* moviesDiscription.storyboard */; };
		A6CCDF4D24588C7400BC83EF /* ActivityIndicator.swift in Sources */ = {isa = PBXBuildFile; fileRef = A6CCDF4C24588C7400BC83EF /* ActivityIndicator.swift */; };
		A6EB08D0244D41580081613A /* BaseViewController.swift in Sources */ = {isa = PBXBuildFile; fileRef = A6EB08CF244D41580081613A /* BaseViewController.swift */; };
		A6EB08D2244D47FC0081613A /* BaseDataProviderShowsCollectionCell.swift in Sources */ = {isa = PBXBuildFile; fileRef = A6EB08D1244D47FC0081613A /* BaseDataProviderShowsCollectionCell.swift */; };
		A6EB08D4244D4F370081613A /* BaseDataProviderForMovieCollectionCell.swift in Sources */ = {isa = PBXBuildFile; fileRef = A6EB08D3244D4F370081613A /* BaseDataProviderForMovieCollectionCell.swift */; };
		A6EB08D6244D52CA0081613A /* MovieCollectionViewSelected.swift in Sources */ = {isa = PBXBuildFile; fileRef = A6EB08D5244D52CA0081613A /* MovieCollectionViewSelected.swift */; };
		A6EE824424468E150071857E /* DataSourceProviderForTableCells.swift in Sources */ = {isa = PBXBuildFile; fileRef = A6EE824324468E150071857E /* DataSourceProviderForTableCells.swift */; };
		A6EE824624468E4E0071857E /* ONAirTodayShowsDataSource.swift in Sources */ = {isa = PBXBuildFile; fileRef = A6EE824524468E4E0071857E /* ONAirTodayShowsDataSource.swift */; };
		A6FF1E392474BC2200ABDC42 /* MovieCollectionVC.swift in Sources */ = {isa = PBXBuildFile; fileRef = A6FF1E382474BC2200ABDC42 /* MovieCollectionVC.swift */; };
		A6FF1E3B2474CDEB00ABDC42 /* MyTvShowsCollection.swift in Sources */ = {isa = PBXBuildFile; fileRef = A6FF1E3A2474CDEB00ABDC42 /* MyTvShowsCollection.swift */; };
		DC73571BBC759519E228F210 /* libPods-EntainmentWorld-EntainmentWorldUITests.a in Frameworks */ = {isa = PBXBuildFile; fileRef = D4293BAC37AF777863867238 /* libPods-EntainmentWorld-EntainmentWorldUITests.a */; };
/* End PBXBuildFile section */

/* Begin PBXContainerItemProxy section */
		A63E93A6243C4582006A8884 /* PBXContainerItemProxy */ = {
			isa = PBXContainerItemProxy;
			containerPortal = A63E9384243C4582006A8884 /* Project object */;
			proxyType = 1;
			remoteGlobalIDString = A63E938B243C4582006A8884;
			remoteInfo = EntainmentWorld;
		};
		A63E93B1243C4582006A8884 /* PBXContainerItemProxy */ = {
			isa = PBXContainerItemProxy;
			containerPortal = A63E9384243C4582006A8884 /* Project object */;
			proxyType = 1;
			remoteGlobalIDString = A63E938B243C4582006A8884;
			remoteInfo = EntainmentWorld;
		};
/* End PBXContainerItemProxy section */

/* Begin PBXFileReference section */
		4701033FC57D969FAB2B0045 /* Pods-EntainmentWorld.release.xcconfig */ = {isa = PBXFileReference; includeInIndex = 1; lastKnownFileType = text.xcconfig; name = "Pods-EntainmentWorld.release.xcconfig"; path = "Target Support Files/Pods-EntainmentWorld/Pods-EntainmentWorld.release.xcconfig"; sourceTree = "<group>"; };
		5E01D172A405416CFACAE3FE /* Pods-EntainmentWorld.debug.xcconfig */ = {isa = PBXFileReference; includeInIndex = 1; lastKnownFileType = text.xcconfig; name = "Pods-EntainmentWorld.debug.xcconfig"; path = "Target Support Files/Pods-EntainmentWorld/Pods-EntainmentWorld.debug.xcconfig"; sourceTree = "<group>"; };
		79C8D5A62B803763D1CE8C75 /* Pods-EntainmentWorld-EntainmentWorldUITests.release.xcconfig */ = {isa = PBXFileReference; includeInIndex = 1; lastKnownFileType = text.xcconfig; name = "Pods-EntainmentWorld-EntainmentWorldUITests.release.xcconfig"; path = "Target Support Files/Pods-EntainmentWorld-EntainmentWorldUITests/Pods-EntainmentWorld-EntainmentWorldUITests.release.xcconfig"; sourceTree = "<group>"; };
		A37AF0CF84691BC60AEBD9BE /* libPods-EntainmentWorld.a */ = {isa = PBXFileReference; explicitFileType = archive.ar; includeInIndex = 0; path = "libPods-EntainmentWorld.a"; sourceTree = BUILT_PRODUCTS_DIR; };
		A61176D8243D78B90087BD8A /* CustomUILabel.swift */ = {isa = PBXFileReference; lastKnownFileType = sourcecode.swift; path = CustomUILabel.swift; sourceTree = "<group>"; };
		A61A3533243D52BC006F16F6 /* UItableCell.swift */ = {isa = PBXFileReference; lastKnownFileType = sourcecode.swift; path = UItableCell.swift; sourceTree = "<group>"; };
		A61DA4F4245927A8002D2847 /* NetworkConnectivity.swift */ = {isa = PBXFileReference; lastKnownFileType = sourcecode.swift; path = NetworkConnectivity.swift; sourceTree = "<group>"; };
		A61E6686243F591C00D8D236 /* CustomSearchBar.swift */ = {isa = PBXFileReference; lastKnownFileType = sourcecode.swift; path = CustomSearchBar.swift; sourceTree = "<group>"; };
		A61E6688243F5DF800D8D236 /* HeaderForCollectionReusableView.swift */ = {isa = PBXFileReference; lastKnownFileType = sourcecode.swift; path = HeaderForCollectionReusableView.swift; sourceTree = "<group>"; };
		A61E668C243F68D200D8D236 /* TVShowsDetails.storyboard */ = {isa = PBXFileReference; lastKnownFileType = file.storyboard; path = TVShowsDetails.storyboard; sourceTree = "<group>"; };
		A6354E152457BEF30060DD54 /* Frames.swift */ = {isa = PBXFileReference; lastKnownFileType = sourcecode.swift; path = Frames.swift; sourceTree = "<group>"; };
		A63E938C243C4582006A8884 /* EntainmentWorld.app */ = {isa = PBXFileReference; explicitFileType = wrapper.application; includeInIndex = 0; path = EntainmentWorld.app; sourceTree = BUILT_PRODUCTS_DIR; };
		A63E938F243C4582006A8884 /* AppDelegate.swift */ = {isa = PBXFileReference; lastKnownFileType = sourcecode.swift; path = AppDelegate.swift; sourceTree = "<group>"; };
		A63E9391243C4582006A8884 /* SceneDelegate.swift */ = {isa = PBXFileReference; lastKnownFileType = sourcecode.swift; path = SceneDelegate.swift; sourceTree = "<group>"; };
		A63E9393243C4582006A8884 /* DashboardViewController.swift */ = {isa = PBXFileReference; lastKnownFileType = sourcecode.swift; path = DashboardViewController.swift; sourceTree = "<group>"; };
		A63E9396243C4582006A8884 /* Base */ = {isa = PBXFileReference; lastKnownFileType = file.storyboard; name = Base; path = Base.lproj/Main.storyboard; sourceTree = "<group>"; };
		A63E9399243C4582006A8884 /* EntainmentWorld.xcdatamodel */ = {isa = PBXFileReference; lastKnownFileType = wrapper.xcdatamodel; path = EntainmentWorld.xcdatamodel; sourceTree = "<group>"; };
		A63E939B243C4582006A8884 /* Assets.xcassets */ = {isa = PBXFileReference; lastKnownFileType = folder.assetcatalog; path = Assets.xcassets; sourceTree = "<group>"; };
		A63E939E243C4582006A8884 /* Base */ = {isa = PBXFileReference; lastKnownFileType = file.storyboard; name = Base; path = Base.lproj/LaunchScreen.storyboard; sourceTree = "<group>"; };
		A63E93A0243C4582006A8884 /* Info.plist */ = {isa = PBXFileReference; lastKnownFileType = text.plist.xml; path = Info.plist; sourceTree = "<group>"; };
		A63E93A5243C4582006A8884 /* EntainmentWorldTests.xctest */ = {isa = PBXFileReference; explicitFileType = wrapper.cfbundle; includeInIndex = 0; path = EntainmentWorldTests.xctest; sourceTree = BUILT_PRODUCTS_DIR; };
		A63E93A9243C4582006A8884 /* EntainmentWorldTests.swift */ = {isa = PBXFileReference; lastKnownFileType = sourcecode.swift; path = EntainmentWorldTests.swift; sourceTree = "<group>"; };
		A63E93AB243C4582006A8884 /* Info.plist */ = {isa = PBXFileReference; lastKnownFileType = text.plist.xml; path = Info.plist; sourceTree = "<group>"; };
		A63E93B0243C4582006A8884 /* EntainmentWorldUITests.xctest */ = {isa = PBXFileReference; explicitFileType = wrapper.cfbundle; includeInIndex = 0; path = EntainmentWorldUITests.xctest; sourceTree = BUILT_PRODUCTS_DIR; };
		A63E93B4243C4582006A8884 /* EntainmentWorldUITests.swift */ = {isa = PBXFileReference; lastKnownFileType = sourcecode.swift; path = EntainmentWorldUITests.swift; sourceTree = "<group>"; };
		A63E93B6243C4582006A8884 /* Info.plist */ = {isa = PBXFileReference; lastKnownFileType = text.plist.xml; path = Info.plist; sourceTree = "<group>"; };
		A63E93C6243C46C6006A8884 /* Dashboard.storyboard */ = {isa = PBXFileReference; lastKnownFileType = file.storyboard; path = Dashboard.storyboard; sourceTree = "<group>"; };
		A63E93C8243C493F006A8884 /* Search.storyboard */ = {isa = PBXFileReference; lastKnownFileType = file.storyboard; path = Search.storyboard; sourceTree = "<group>"; };
		A63E93CC243C4CB7006A8884 /* UITabViewController.swift */ = {isa = PBXFileReference; lastKnownFileType = sourcecode.swift; path = UITabViewController.swift; sourceTree = "<group>"; };
		A63E93D5243C4E1B006A8884 /* customButtons.swift */ = {isa = PBXFileReference; lastKnownFileType = sourcecode.swift; path = customButtons.swift; sourceTree = "<group>"; };
		A63E93DB243C5F0E006A8884 /* Movies.storyboard */ = {isa = PBXFileReference; lastKnownFileType = file.storyboard; path = Movies.storyboard; sourceTree = "<group>"; };
		A63E93DF243C5FBE006A8884 /* Login.storyboard */ = {isa = PBXFileReference; lastKnownFileType = file.storyboard; path = Login.storyboard; sourceTree = "<group>"; };
		A63E93E1243C61AB006A8884 /* MovieViewController.swift */ = {isa = PBXFileReference; lastKnownFileType = sourcecode.swift; path = MovieViewController.swift; sourceTree = "<group>"; };
		A63E93EA243C6333006A8884 /* UICollection.swift */ = {isa = PBXFileReference; lastKnownFileType = sourcecode.swift; path = UICollection.swift; sourceTree = "<group>"; };
		A63E93EC243C6D37006A8884 /* Constants.swift */ = {isa = PBXFileReference; lastKnownFileType = sourcecode.swift; path = Constants.swift; sourceTree = "<group>"; };
		A63E93EE243C733C006A8884 /* customUIImage.swift */ = {isa = PBXFileReference; lastKnownFileType = sourcecode.swift; path = customUIImage.swift; sourceTree = "<group>"; };
		A63E93F2243C8296006A8884 /* CollectionViewCell.swift */ = {isa = PBXFileReference; lastKnownFileType = sourcecode.swift; path = CollectionViewCell.swift; sourceTree = "<group>"; };
		A6413CCF244405640037A1A9 /* UIBarButton.swift */ = {isa = PBXFileReference; lastKnownFileType = sourcecode.swift; path = UIBarButton.swift; sourceTree = "<group>"; };
		A6413CD124440D690037A1A9 /* ItemDetailViewControllerForTable.swift */ = {isa = PBXFileReference; lastKnownFileType = sourcecode.swift; path = ItemDetailViewControllerForTable.swift; sourceTree = "<group>"; };
		A65E000324493F0A0021BE49 /* LoadMoreDataProtocol.swift */ = {isa = PBXFileReference; lastKnownFileType = sourcecode.swift; path = LoadMoreDataProtocol.swift; sourceTree = "<group>"; };
		A65E000524493F5B0021BE49 /* PopularShowsDataSource.swift */ = {isa = PBXFileReference; lastKnownFileType = sourcecode.swift; path = PopularShowsDataSource.swift; sourceTree = "<group>"; };
		A65E000724493F910021BE49 /* TOPRatedShowsDataSource.swift */ = {isa = PBXFileReference; lastKnownFileType = sourcecode.swift; path = TOPRatedShowsDataSource.swift; sourceTree = "<group>"; };
		A65E000924493FCB0021BE49 /* OnAirShowsDataSource.swift */ = {isa = PBXFileReference; lastKnownFileType = sourcecode.swift; path = OnAirShowsDataSource.swift; sourceTree = "<group>"; };
		A65E0015244944D40021BE49 /* DataSourceProviderForMovieTable.swift */ = {isa = PBXFileReference; lastKnownFileType = sourcecode.swift; path = DataSourceProviderForMovieTable.swift; sourceTree = "<group>"; };
		A65E00172449468B0021BE49 /* TopRatedMoviesDataSource.swift */ = {isa = PBXFileReference; lastKnownFileType = sourcecode.swift; path = TopRatedMoviesDataSource.swift; sourceTree = "<group>"; };
		A65E0019244946DE0021BE49 /* NowPlayingMoviesDataSource.swift */ = {isa = PBXFileReference; lastKnownFileType = sourcecode.swift; path = NowPlayingMoviesDataSource.swift; sourceTree = "<group>"; };
		A65E001B244946FE0021BE49 /* PopularMoviesDataSource.swift */ = {isa = PBXFileReference; lastKnownFileType = sourcecode.swift; path = PopularMoviesDataSource.swift; sourceTree = "<group>"; };
		A65E001D2449471B0021BE49 /* UpcomingMoviesDataSource.swift */ = {isa = PBXFileReference; lastKnownFileType = sourcecode.swift; path = UpcomingMoviesDataSource.swift; sourceTree = "<group>"; };
		A65E001F24494ADA0021BE49 /* LoadMoreMovieDataProtocol.swift */ = {isa = PBXFileReference; lastKnownFileType = sourcecode.swift; path = LoadMoreMovieDataProtocol.swift; sourceTree = "<group>"; };
		A669BE32245C1A63005D96D1 /* BottamSheetExtension.swift */ = {isa = PBXFileReference; lastKnownFileType = sourcecode.swift; path = BottamSheetExtension.swift; sourceTree = "<group>"; };
		A669BE37245C1CE4005D96D1 /* UITableExtension.swift */ = {isa = PBXFileReference; lastKnownFileType = sourcecode.swift; path = UITableExtension.swift; sourceTree = "<group>"; };
		A669BE39245C1D19005D96D1 /* LoadMoreContentExtension.swift */ = {isa = PBXFileReference; lastKnownFileType = sourcecode.swift; path = LoadMoreContentExtension.swift; sourceTree = "<group>"; };
		A669BE3B245C1D4E005D96D1 /* CollectionItemSelectedExtension.swift */ = {isa = PBXFileReference; lastKnownFileType = sourcecode.swift; path = CollectionItemSelectedExtension.swift; sourceTree = "<group>"; };
		A669BE3E245C1DEE005D96D1 /* UICollectionExtension.swift */ = {isa = PBXFileReference; lastKnownFileType = sourcecode.swift; path = UICollectionExtension.swift; sourceTree = "<group>"; };
		A669BE40245C1ED7005D96D1 /* CollectionViewExtension.swift */ = {isa = PBXFileReference; lastKnownFileType = sourcecode.swift; path = CollectionViewExtension.swift; sourceTree = "<group>"; };
		A66FB86D24458AB600066249 /* MovieResponse.swift */ = {isa = PBXFileReference; lastKnownFileType = sourcecode.swift; path = MovieResponse.swift; sourceTree = "<group>"; };
		A6725694243EBFFC00654257 /* CircularAnimationView.swift */ = {isa = PBXFileReference; lastKnownFileType = sourcecode.swift; path = CircularAnimationView.swift; sourceTree = "<group>"; };
		A6725697243EF7F100654257 /* Connection.swift */ = {isa = PBXFileReference; lastKnownFileType = sourcecode.swift; path = Connection.swift; sourceTree = "<group>"; };
		A673D68B2461352C00651FB4 /* PersistentDataManager.swift */ = {isa = PBXFileReference; lastKnownFileType = sourcecode.swift; path = PersistentDataManager.swift; sourceTree = "<group>"; };
		A673D6B724613F7A00651FB4 /* Movies+CoreDataClass.swift */ = {isa = PBXFileReference; lastKnownFileType = sourcecode.swift; name = "Movies+CoreDataClass.swift"; path = "EntainmentWorld/Movies+CoreDataClass.swift"; sourceTree = SOURCE_ROOT; };
		A673D6B824613F7A00651FB4 /* Movies+CoreDataProperties.swift */ = {isa = PBXFileReference; lastKnownFileType = sourcecode.swift; name = "Movies+CoreDataProperties.swift"; path = "EntainmentWorld/Movies+CoreDataProperties.swift"; sourceTree = SOURCE_ROOT; };
		A673D6B924613F7A00651FB4 /* TvShows+CoreDataClass.swift */ = {isa = PBXFileReference; lastKnownFileType = sourcecode.swift; name = "TvShows+CoreDataClass.swift"; path = "EntainmentWorld/TvShows+CoreDataClass.swift"; sourceTree = SOURCE_ROOT; };
		A673D6BA24613F7A00651FB4 /* TvShows+CoreDataProperties.swift */ = {isa = PBXFileReference; lastKnownFileType = sourcecode.swift; name = "TvShows+CoreDataProperties.swift"; path = "EntainmentWorld/TvShows+CoreDataProperties.swift"; sourceTree = SOURCE_ROOT; };
		A675B4232445577400CF01E8 /* TVShowsViewController.swift */ = {isa = PBXFileReference; lastKnownFileType = sourcecode.swift; path = TVShowsViewController.swift; sourceTree = "<group>"; };
		A675B42724455B2600CF01E8 /* CustomTable.swift */ = {isa = PBXFileReference; lastKnownFileType = sourcecode.swift; path = CustomTable.swift; sourceTree = "<group>"; };
		A675B43524457EE700CF01E8 /* TVShowsResponse.swift */ = {isa = PBXFileReference; lastKnownFileType = sourcecode.swift; path = TVShowsResponse.swift; sourceTree = "<group>"; };
		A679C17A244AF16C007ABE44 /* BottomSheetViewController.swift */ = {isa = PBXFileReference; lastKnownFileType = sourcecode.swift; path = BottomSheetViewController.swift; sourceTree = "<group>"; };
		A67B88F4245F3A5600F85B26 /* SearchRootController.swift */ = {isa = PBXFileReference; lastKnownFileType = sourcecode.swift; path = SearchRootController.swift; sourceTree = "<group>"; };
		A67CF5FC245FB023003572EF /* Mycollection.storyboard */ = {isa = PBXFileReference; lastKnownFileType = file.storyboard; path = Mycollection.storyboard; sourceTree = "<group>"; };
		A67CF5FF245FB048003572EF /* Mycollection.swift */ = {isa = PBXFileReference; lastKnownFileType = sourcecode.swift; path = Mycollection.swift; sourceTree = "<group>"; };
		A67CF601245FB146003572EF /* UISegmentedControll.swift */ = {isa = PBXFileReference; lastKnownFileType = sourcecode.swift; path = UISegmentedControll.swift; sourceTree = "<group>"; };
		A67CF607245FB88E003572EF /* PersistentData.swift */ = {isa = PBXFileReference; lastKnownFileType = sourcecode.swift; path = PersistentData.swift; sourceTree = "<group>"; };
		A67D8F83244F001D00BD369D /* MovieGenreIdList.swift */ = {isa = PBXFileReference; lastKnownFileType = sourcecode.swift; path = MovieGenreIdList.swift; sourceTree = "<group>"; };
		A67D8F85244F02F900BD369D /* TvShowGenre.swift */ = {isa = PBXFileReference; lastKnownFileType = sourcecode.swift; path = TvShowGenre.swift; sourceTree = "<group>"; };
		A67D8F87244F036300BD369D /* ShowsGenre.storyboard */ = {isa = PBXFileReference; lastKnownFileType = file.storyboard; path = ShowsGenre.storyboard; sourceTree = "<group>"; };
		A67F46FB2458E0EB004C6B20 /* NoNetworkView.swift */ = {isa = PBXFileReference; lastKnownFileType = sourcecode.swift; path = NoNetworkView.swift; sourceTree = "<group>"; };
		A6816E372441B49700F57C15 /* Routes.swift */ = {isa = PBXFileReference; lastKnownFileType = sourcecode.swift; path = Routes.swift; sourceTree = "<group>"; };
		A6816E3C2441B91200F57C15 /* LatestMovies.swift */ = {isa = PBXFileReference; lastKnownFileType = sourcecode.swift; path = LatestMovies.swift; sourceTree = "<group>"; };
		A6816E422441BD2600F57C15 /* MoviesDetails.swift */ = {isa = PBXFileReference; lastKnownFileType = sourcecode.swift; path = MoviesDetails.swift; sourceTree = "<group>"; };
		A6816E462441BE4400F57C15 /* MovieResponceWithDates.swift */ = {isa = PBXFileReference; lastKnownFileType = sourcecode.swift; path = MovieResponceWithDates.swift; sourceTree = "<group>"; };
		A681997024514B0200BE4427 /* VideoResponse.swift */ = {isa = PBXFileReference; lastKnownFileType = sourcecode.swift; path = VideoResponse.swift; sourceTree = "<group>"; };
		A68254E6245ABB64005AFA6B /* BackGroundColor.swift */ = {isa = PBXFileReference; lastKnownFileType = sourcecode.swift; path = BackGroundColor.swift; sourceTree = "<group>"; };
		A6830FEC24499EA900615A2E /* RootControllerWithUICollectionView.swift */ = {isa = PBXFileReference; lastKnownFileType = sourcecode.swift; path = RootControllerWithUICollectionView.swift; sourceTree = "<group>"; };
		A6830FEF2449A40400615A2E /* Genre.swift */ = {isa = PBXFileReference; lastKnownFileType = sourcecode.swift; path = Genre.swift; sourceTree = "<group>"; };
		A687533124760CCF000A65D8 /* BaseVCForMyCollection.swift */ = {isa = PBXFileReference; lastKnownFileType = sourcecode.swift; path = BaseVCForMyCollection.swift; sourceTree = "<group>"; };
		A68D05D4244DB30300973C93 /* MoreViewController.swift */ = {isa = PBXFileReference; lastKnownFileType = sourcecode.swift; path = MoreViewController.swift; sourceTree = "<group>"; };
		A68DC87D2474B43B0081E172 /* RootVCForCollectionView.swift */ = {isa = PBXFileReference; lastKnownFileType = sourcecode.swift; path = RootVCForCollectionView.swift; sourceTree = "<group>"; };
		A696E6252450828A00C0199C /* BottamSheet.storyboard */ = {isa = PBXFileReference; lastKnownFileType = file.storyboard; path = BottamSheet.storyboard; sourceTree = "<group>"; };
		A69E95B12444A47200AEE1B3 /* Discover.storyboard */ = {isa = PBXFileReference; lastKnownFileType = file.storyboard; path = Discover.storyboard; sourceTree = "<group>"; };
		A69E95B32444A4B900AEE1B3 /* TVShows.storyboard */ = {isa = PBXFileReference; lastKnownFileType = file.storyboard; path = TVShows.storyboard; sourceTree = "<group>"; };
		A69E95B52444A4D600AEE1B3 /* More.storyboard */ = {isa = PBXFileReference; lastKnownFileType = file.storyboard; path = More.storyboard; sourceTree = "<group>"; };
		A6A81325245179B9002AA51B /* BaseControllerForItemDiscription.swift */ = {isa = PBXFileReference; lastKnownFileType = sourcecode.swift; path = BaseControllerForItemDiscription.swift; sourceTree = "<group>"; };
		A6B12B172443628300E80E99 /* MovieSearch.swift */ = {isa = PBXFileReference; lastKnownFileType = sourcecode.swift; path = MovieSearch.swift; sourceTree = "<group>"; };
		A6B12B1A2443633200E80E99 /* TVShows.swift */ = {isa = PBXFileReference; lastKnownFileType = sourcecode.swift; path = TVShows.swift; sourceTree = "<group>"; };
		A6B12B1D2443655D00E80E99 /* TVSearch.swift */ = {isa = PBXFileReference; lastKnownFileType = sourcecode.swift; path = TVSearch.swift; sourceTree = "<group>"; };
		A6B2878024419F5800E5A37E /* DBConnection.swift */ = {isa = PBXFileReference; lastKnownFileType = sourcecode.swift; path = DBConnection.swift; sourceTree = "<group>"; };
		A6B90117244F2499005378D1 /* TVShowsGenreDiscover.swift */ = {isa = PBXFileReference; lastKnownFileType = sourcecode.swift; path = TVShowsGenreDiscover.swift; sourceTree = "<group>"; };
		A6B9011D244F29CF005378D1 /* TVShowsListByGenre.storyboard */ = {isa = PBXFileReference; lastKnownFileType = file.storyboard; path = TVShowsListByGenre.storyboard; sourceTree = "<group>"; };
		A6B9011F244F2CC1005378D1 /* MoviesListByGenreID.storyboard */ = {isa = PBXFileReference; lastKnownFileType = file.storyboard; path = MoviesListByGenreID.storyboard; sourceTree = "<group>"; };
		A6B90121244F2CE4005378D1 /* MoviesListByGenreID.swift */ = {isa = PBXFileReference; lastKnownFileType = sourcecode.swift; path = MoviesListByGenreID.swift; sourceTree = "<group>"; };
		A6BA8655244AD04A00EA561C /* CollectionViewSelectedItemProtocol.swift */ = {isa = PBXFileReference; lastKnownFileType = sourcecode.swift; path = CollectionViewSelectedItemProtocol.swift; sourceTree = "<group>"; };
		A6BC2AFD245A556C00E6BCC5 /* Shared.swift */ = {isa = PBXFileReference; lastKnownFileType = sourcecode.swift; path = Shared.swift; sourceTree = "<group>"; };
		A6BF47EC244DCA1E00C85EA6 /* SearchMovies.swift */ = {isa = PBXFileReference; lastKnownFileType = sourcecode.swift; path = SearchMovies.swift; sourceTree = "<group>"; };
		A6BF47EE244DCDBD00C85EA6 /* SearchShows.swift */ = {isa = PBXFileReference; lastKnownFileType = sourcecode.swift; path = SearchShows.swift; sourceTree = "<group>"; };
		A6BF47F2244DCF0B00C85EA6 /* SearchShows.storyboard */ = {isa = PBXFileReference; lastKnownFileType = file.storyboard; path = SearchShows.storyboard; sourceTree = "<group>"; };
		A6CCBDA3244D64B8004DE3D2 /* MoviesDetailsController.swift */ = {isa = PBXFileReference; lastKnownFileType = sourcecode.swift; path = MoviesDetailsController.swift; sourceTree = "<group>"; };
		A6CCBDA7244D6705004DE3D2 /* moviesDiscription.storyboard */ = {isa = PBXFileReference; lastKnownFileType = file.storyboard; path = moviesDiscription.storyboard; sourceTree = "<group>"; };
		A6CCDF4C24588C7400BC83EF /* ActivityIndicator.swift */ = {isa = PBXFileReference; lastKnownFileType = sourcecode.swift; path = ActivityIndicator.swift; sourceTree = "<group>"; };
		A6EB08CF244D41580081613A /* BaseViewController.swift */ = {isa = PBXFileReference; lastKnownFileType = sourcecode.swift; path = BaseViewController.swift; sourceTree = "<group>"; };
		A6EB08D1244D47FC0081613A /* BaseDataProviderShowsCollectionCell.swift */ = {isa = PBXFileReference; lastKnownFileType = sourcecode.swift; path = BaseDataProviderShowsCollectionCell.swift; sourceTree = "<group>"; };
		A6EB08D3244D4F370081613A /* BaseDataProviderForMovieCollectionCell.swift */ = {isa = PBXFileReference; lastKnownFileType = sourcecode.swift; path = BaseDataProviderForMovieCollectionCell.swift; sourceTree = "<group>"; };
		A6EB08D5244D52CA0081613A /* MovieCollectionViewSelected.swift */ = {isa = PBXFileReference; lastKnownFileType = sourcecode.swift; path = MovieCollectionViewSelected.swift; sourceTree = "<group>"; };
		A6EE824324468E150071857E /* DataSourceProviderForTableCells.swift */ = {isa = PBXFileReference; lastKnownFileType = sourcecode.swift; path = DataSourceProviderForTableCells.swift; sourceTree = "<group>"; };
		A6EE824524468E4E0071857E /* ONAirTodayShowsDataSource.swift */ = {isa = PBXFileReference; lastKnownFileType = sourcecode.swift; path = ONAirTodayShowsDataSource.swift; sourceTree = "<group>"; };
		A6FF1E382474BC2200ABDC42 /* MovieCollectionVC.swift */ = {isa = PBXFileReference; lastKnownFileType = sourcecode.swift; path = MovieCollectionVC.swift; sourceTree = "<group>"; };
		A6FF1E3A2474CDEB00ABDC42 /* MyTvShowsCollection.swift */ = {isa = PBXFileReference; lastKnownFileType = sourcecode.swift; path = MyTvShowsCollection.swift; sourceTree = "<group>"; };
		AA90C3484CB807E4AEC34B32 /* Pods-EntainmentWorldTests.release.xcconfig */ = {isa = PBXFileReference; includeInIndex = 1; lastKnownFileType = text.xcconfig; name = "Pods-EntainmentWorldTests.release.xcconfig"; path = "Target Support Files/Pods-EntainmentWorldTests/Pods-EntainmentWorldTests.release.xcconfig"; sourceTree = "<group>"; };
		D4293BAC37AF777863867238 /* libPods-EntainmentWorld-EntainmentWorldUITests.a */ = {isa = PBXFileReference; explicitFileType = archive.ar; includeInIndex = 0; path = "libPods-EntainmentWorld-EntainmentWorldUITests.a"; sourceTree = BUILT_PRODUCTS_DIR; };
		D72A2A29032F04418332E082 /* Pods-EntainmentWorldTests.debug.xcconfig */ = {isa = PBXFileReference; includeInIndex = 1; lastKnownFileType = text.xcconfig; name = "Pods-EntainmentWorldTests.debug.xcconfig"; path = "Target Support Files/Pods-EntainmentWorldTests/Pods-EntainmentWorldTests.debug.xcconfig"; sourceTree = "<group>"; };
		E90C2D193642E3555D7BF7F6 /* Pods-EntainmentWorld-EntainmentWorldUITests.debug.xcconfig */ = {isa = PBXFileReference; includeInIndex = 1; lastKnownFileType = text.xcconfig; name = "Pods-EntainmentWorld-EntainmentWorldUITests.debug.xcconfig"; path = "Target Support Files/Pods-EntainmentWorld-EntainmentWorldUITests/Pods-EntainmentWorld-EntainmentWorldUITests.debug.xcconfig"; sourceTree = "<group>"; };
		EF7207D546C4EA82189EF162 /* libPods-EntainmentWorldTests.a */ = {isa = PBXFileReference; explicitFileType = archive.ar; includeInIndex = 0; path = "libPods-EntainmentWorldTests.a"; sourceTree = BUILT_PRODUCTS_DIR; };
/* End PBXFileReference section */

/* Begin PBXFrameworksBuildPhase section */
		A63E9389243C4582006A8884 /* Frameworks */ = {
			isa = PBXFrameworksBuildPhase;
			buildActionMask = 2147483647;
			files = (
				A5337644B0F44E423B4B491C /* libPods-EntainmentWorld.a in Frameworks */,
			);
			runOnlyForDeploymentPostprocessing = 0;
		};
		A63E93A2243C4582006A8884 /* Frameworks */ = {
			isa = PBXFrameworksBuildPhase;
			buildActionMask = 2147483647;
			files = (
				583AA96203A75C7ECF0FB934 /* libPods-EntainmentWorldTests.a in Frameworks */,
			);
			runOnlyForDeploymentPostprocessing = 0;
		};
		A63E93AD243C4582006A8884 /* Frameworks */ = {
			isa = PBXFrameworksBuildPhase;
			buildActionMask = 2147483647;
			files = (
				DC73571BBC759519E228F210 /* libPods-EntainmentWorld-EntainmentWorldUITests.a in Frameworks */,
			);
			runOnlyForDeploymentPostprocessing = 0;
		};
/* End PBXFrameworksBuildPhase section */

/* Begin PBXGroup section */
		A6354E112457B6350060DD54 /* Routes */ = {
			isa = PBXGroup;
			children = (
				A6816E372441B49700F57C15 /* Routes.swift */,
			);
			path = Routes;
			sourceTree = "<group>";
		};
		A6354E122457B6430060DD54 /* Connections */ = {
			isa = PBXGroup;
			children = (
				A6725697243EF7F100654257 /* Connection.swift */,
			);
			path = Connections;
			sourceTree = "<group>";
		};
		A6354E132457B6700060DD54 /* DB */ = {
			isa = PBXGroup;
			children = (
				A6B2877F24419F3600E5A37E /* Network */,
				A6354E122457B6430060DD54 /* Connections */,
			);
			path = DB;
			sourceTree = "<group>";
		};
		A6354E142457BEE10060DD54 /* Frames */ = {
			isa = PBXGroup;
			children = (
				A6354E152457BEF30060DD54 /* Frames.swift */,
			);
			path = Frames;
			sourceTree = "<group>";
		};
		A63E9383243C4582006A8884 = {
			isa = PBXGroup;
			children = (
				A63E938E243C4582006A8884 /* EntainmentWorld */,
				A63E93A8243C4582006A8884 /* EntainmentWorldTests */,
				A63E93B3243C4582006A8884 /* EntainmentWorldUITests */,
				A63E938D243C4582006A8884 /* Products */,
				BC735A5496ADA72C8DD725A5 /* Pods */,
				A861E348FFD60C153DB512A5 /* Frameworks */,
			);
			sourceTree = "<group>";
		};
		A63E938D243C4582006A8884 /* Products */ = {
			isa = PBXGroup;
			children = (
				A63E938C243C4582006A8884 /* EntainmentWorld.app */,
				A63E93A5243C4582006A8884 /* EntainmentWorldTests.xctest */,
				A63E93B0243C4582006A8884 /* EntainmentWorldUITests.xctest */,
			);
			name = Products;
			sourceTree = "<group>";
		};
		A63E938E243C4582006A8884 /* EntainmentWorld */ = {
			isa = PBXGroup;
			children = (
				A673D68D2461390C00651FB4 /* PrestentData */,
				A63E9393243C4582006A8884 /* DashboardViewController.swift */,
				A65E00112449441E0021BE49 /* Protocols */,
				A675B41F244554FC00CF01E8 /* Reusable */,
				A63E93E7243C62F9006A8884 /* Utilities */,
				A63E93C4243C45B3006A8884 /* Controlers */,
				A63E93C3243C45A7006A8884 /* Model */,
				A63E93C2243C4592006A8884 /* Storyboards */,
				A63E938F243C4582006A8884 /* AppDelegate.swift */,
				A63E9391243C4582006A8884 /* SceneDelegate.swift */,
				A63E939B243C4582006A8884 /* Assets.xcassets */,
				A63E93A0243C4582006A8884 /* Info.plist */,
				A63E9398243C4582006A8884 /* EntainmentWorld.xcdatamodeld */,
			);
			path = EntainmentWorld;
			sourceTree = "<group>";
		};
		A63E93A8243C4582006A8884 /* EntainmentWorldTests */ = {
			isa = PBXGroup;
			children = (
				A63E93A9243C4582006A8884 /* EntainmentWorldTests.swift */,
				A63E93AB243C4582006A8884 /* Info.plist */,
			);
			path = EntainmentWorldTests;
			sourceTree = "<group>";
		};
		A63E93B3243C4582006A8884 /* EntainmentWorldUITests */ = {
			isa = PBXGroup;
			children = (
				A63E93B4243C4582006A8884 /* EntainmentWorldUITests.swift */,
				A63E93B6243C4582006A8884 /* Info.plist */,
			);
			path = EntainmentWorldUITests;
			sourceTree = "<group>";
		};
		A63E93C2243C4592006A8884 /* Storyboards */ = {
			isa = PBXGroup;
			children = (
				A63E9395243C4582006A8884 /* Main.storyboard */,
				A63E939D243C4582006A8884 /* LaunchScreen.storyboard */,
				A63E93C6243C46C6006A8884 /* Dashboard.storyboard */,
				A63E93C8243C493F006A8884 /* Search.storyboard */,
				A63E93DB243C5F0E006A8884 /* Movies.storyboard */,
				A63E93DF243C5FBE006A8884 /* Login.storyboard */,
				A61E668C243F68D200D8D236 /* TVShowsDetails.storyboard */,
				A69E95B12444A47200AEE1B3 /* Discover.storyboard */,
				A69E95B32444A4B900AEE1B3 /* TVShows.storyboard */,
				A69E95B52444A4D600AEE1B3 /* More.storyboard */,
				A6CCBDA7244D6705004DE3D2 /* moviesDiscription.storyboard */,
				A6BF47F2244DCF0B00C85EA6 /* SearchShows.storyboard */,
				A67D8F87244F036300BD369D /* ShowsGenre.storyboard */,
				A6B9011D244F29CF005378D1 /* TVShowsListByGenre.storyboard */,
				A6B9011F244F2CC1005378D1 /* MoviesListByGenreID.storyboard */,
				A696E6252450828A00C0199C /* BottamSheet.storyboard */,
				A67CF5FC245FB023003572EF /* Mycollection.storyboard */,
			);
			path = Storyboards;
			sourceTree = "<group>";
		};
		A63E93C3243C45A7006A8884 /* Model */ = {
			isa = PBXGroup;
			children = (
				A67CF606245FB883003572EF /* PersistentData */,
				A681996D24514AD100BE4427 /* Video */,
				A6830FEE2449A3C100615A2E /* Genre */,
				A6B12B1C2443633A00E80E99 /* TV */,
				A6B12B192443629300E80E99 /* Search */,
				A6816E392441B67300F57C15 /* Movies */,
			);
			path = Model;
			sourceTree = "<group>";
		};
		A63E93C4243C45B3006A8884 /* Controlers */ = {
			isa = PBXGroup;
			children = (
				A68DC87C2474B40B0081E172 /* RootControllerWithCollectionView */,
				A6EB08D7244D575A0081613A /* ItemDiscription */,
				A6EB08CE244D41370081613A /* BaseController */,
				A65E000C2449439E0021BE49 /* Shows */,
				A675B4212445553F00CF01E8 /* More */,
				A65E000F244944050021BE49 /* Movie */,
				A675B4202445552F00CF01E8 /* TabBar */,
				A675B41E244554AD00CF01E8 /* DataProviderClasses */,
			);
			path = Controlers;
			sourceTree = "<group>";
		};
		A63E93D2243C4DD3006A8884 /* UIElments */ = {
			isa = PBXGroup;
			children = (
				A63E93EA243C6333006A8884 /* UICollection.swift */,
				A63E93D5243C4E1B006A8884 /* customButtons.swift */,
				A63E93EE243C733C006A8884 /* customUIImage.swift */,
				A61176D8243D78B90087BD8A /* CustomUILabel.swift */,
				A6725694243EBFFC00654257 /* CircularAnimationView.swift */,
				A61E6686243F591C00D8D236 /* CustomSearchBar.swift */,
				A6413CCF244405640037A1A9 /* UIBarButton.swift */,
				A675B42724455B2600CF01E8 /* CustomTable.swift */,
				A6CCDF4C24588C7400BC83EF /* ActivityIndicator.swift */,
				A67F46FB2458E0EB004C6B20 /* NoNetworkView.swift */,
				A67CF601245FB146003572EF /* UISegmentedControll.swift */,
			);
			path = UIElments;
			sourceTree = "<group>";
		};
		A63E93E7243C62F9006A8884 /* Utilities */ = {
			isa = PBXGroup;
			children = (
				A6BC2AFC245A554E00E6BCC5 /* SharedMethods */,
				A6354E142457BEE10060DD54 /* Frames */,
				A6354E132457B6700060DD54 /* DB */,
				A6354E112457B6350060DD54 /* Routes */,
				A6725696243EF7D700654257 /* Constant */,
				A61DA4F4245927A8002D2847 /* NetworkConnectivity.swift */,
				A68254E6245ABB64005AFA6B /* BackGroundColor.swift */,
			);
			path = Utilities;
			sourceTree = "<group>";
		};
		A65E000024493EA20021BE49 /* UITable */ = {
			isa = PBXGroup;
			children = (
				A6EE824324468E150071857E /* DataSourceProviderForTableCells.swift */,
				A669BE37245C1CE4005D96D1 /* UITableExtension.swift */,
				A669BE39245C1D19005D96D1 /* LoadMoreContentExtension.swift */,
				A669BE3B245C1D4E005D96D1 /* CollectionItemSelectedExtension.swift */,
			);
			path = UITable;
			sourceTree = "<group>";
		};
		A65E000124493EAE0021BE49 /* UICollection */ = {
			isa = PBXGroup;
			children = (
				A6EE824524468E4E0071857E /* ONAirTodayShowsDataSource.swift */,
				A65E000524493F5B0021BE49 /* PopularShowsDataSource.swift */,
				A65E000724493F910021BE49 /* TOPRatedShowsDataSource.swift */,
				A65E000924493FCB0021BE49 /* OnAirShowsDataSource.swift */,
				A6EB08D1244D47FC0081613A /* BaseDataProviderShowsCollectionCell.swift */,
				A669BE3E245C1DEE005D96D1 /* UICollectionExtension.swift */,
			);
			path = UICollection;
			sourceTree = "<group>";
		};
		A65E000C2449439E0021BE49 /* Shows */ = {
			isa = PBXGroup;
			children = (
				A675B4232445577400CF01E8 /* TVShowsViewController.swift */,
			);
			path = Shows;
			sourceTree = "<group>";
		};
		A65E000D244943CD0021BE49 /* Headers */ = {
			isa = PBXGroup;
			children = (
				A6EB08CD244D40910081613A /* UIcollections */,
			);
			path = Headers;
			sourceTree = "<group>";
		};
		A65E000E244943DC0021BE49 /* UICollection */ = {
			isa = PBXGroup;
			children = (
				A63E93F2243C8296006A8884 /* CollectionViewCell.swift */,
			);
			path = UICollection;
			sourceTree = "<group>";
		};
		A65E000F244944050021BE49 /* Movie */ = {
			isa = PBXGroup;
			children = (
				A63E93E1243C61AB006A8884 /* MovieViewController.swift */,
			);
			path = Movie;
			sourceTree = "<group>";
		};
		A65E0010244944120021BE49 /* Cells */ = {
			isa = PBXGroup;
			children = (
				A6EB08CC244D405E0081613A /* UItable */,
				A65E000E244943DC0021BE49 /* UICollection */,
			);
			path = Cells;
			sourceTree = "<group>";
		};
		A65E00112449441E0021BE49 /* Protocols */ = {
			isa = PBXGroup;
			children = (
				A6BA8655244AD04A00EA561C /* CollectionViewSelectedItemProtocol.swift */,
				A65E000324493F0A0021BE49 /* LoadMoreDataProtocol.swift */,
				A65E001F24494ADA0021BE49 /* LoadMoreMovieDataProtocol.swift */,
				A6EB08D5244D52CA0081613A /* MovieCollectionViewSelected.swift */,
			);
			path = Protocols;
			sourceTree = "<group>";
		};
		A65E0013244944A70021BE49 /* UICollectionView */ = {
			isa = PBXGroup;
			children = (
				A65E00172449468B0021BE49 /* TopRatedMoviesDataSource.swift */,
				A65E0019244946DE0021BE49 /* NowPlayingMoviesDataSource.swift */,
				A65E001B244946FE0021BE49 /* PopularMoviesDataSource.swift */,
				A65E001D2449471B0021BE49 /* UpcomingMoviesDataSource.swift */,
				A6EB08D3244D4F370081613A /* BaseDataProviderForMovieCollectionCell.swift */,
				A669BE40245C1ED7005D96D1 /* CollectionViewExtension.swift */,
			);
			path = UICollectionView;
			sourceTree = "<group>";
		};
		A65E0014244944B10021BE49 /* UITableView */ = {
			isa = PBXGroup;
			children = (
				A65E0015244944D40021BE49 /* DataSourceProviderForMovieTable.swift */,
			);
			path = UITableView;
			sourceTree = "<group>";
		};
		A669BE2C245C183F005D96D1 /* Movies */ = {
			isa = PBXGroup;
			children = (
				A6BF47EC244DCA1E00C85EA6 /* SearchMovies.swift */,
			);
			path = Movies;
			sourceTree = "<group>";
		};
		A669BE2D245C1851005D96D1 /* TVShows */ = {
			isa = PBXGroup;
			children = (
				A6BF47EE244DCDBD00C85EA6 /* SearchShows.swift */,
			);
			path = TVShows;
			sourceTree = "<group>";
		};
		A669BE34245C1C19005D96D1 /* RootController */ = {
			isa = PBXGroup;
			children = (
				A6830FEC24499EA900615A2E /* RootControllerWithUICollectionView.swift */,
			);
			path = RootController;
			sourceTree = "<group>";
		};
		A669BE35245C1C2A005D96D1 /* MovieGenre */ = {
			isa = PBXGroup;
			children = (
				A67D8F83244F001D00BD369D /* MovieGenreIdList.swift */,
				A6B90121244F2CE4005378D1 /* MoviesListByGenreID.swift */,
			);
			path = MovieGenre;
			sourceTree = "<group>";
		};
		A669BE36245C1C4B005D96D1 /* TvShowsGenre */ = {
			isa = PBXGroup;
			children = (
				A6B90117244F2499005378D1 /* TVShowsGenreDiscover.swift */,
				A67D8F85244F02F900BD369D /* TvShowGenre.swift */,
			);
			path = TvShowsGenre;
			sourceTree = "<group>";
		};
		A6725696243EF7D700654257 /* Constant */ = {
			isa = PBXGroup;
			children = (
				A63E93EC243C6D37006A8884 /* Constants.swift */,
			);
			path = Constant;
			sourceTree = "<group>";
		};
		A673D68D2461390C00651FB4 /* PrestentData */ = {
			isa = PBXGroup;
			children = (
				A673D68B2461352C00651FB4 /* PersistentDataManager.swift */,
				A673D68E2461391700651FB4 /* Classes */,
			);
			path = PrestentData;
			sourceTree = "<group>";
		};
		A673D68E2461391700651FB4 /* Classes */ = {
			isa = PBXGroup;
			children = (
				A673D6B724613F7A00651FB4 /* Movies+CoreDataClass.swift */,
				A673D6B824613F7A00651FB4 /* Movies+CoreDataProperties.swift */,
				A673D6B924613F7A00651FB4 /* TvShows+CoreDataClass.swift */,
				A673D6BA24613F7A00651FB4 /* TvShows+CoreDataProperties.swift */,
			);
			path = Classes;
			sourceTree = "<group>";
		};
		A675B41E244554AD00CF01E8 /* DataProviderClasses */ = {
			isa = PBXGroup;
			children = (
				A675B4222445574900CF01E8 /* TVShows */,
				A68D05D6244DB40300973C93 /* Movies */,
			);
			path = DataProviderClasses;
			sourceTree = "<group>";
		};
		A675B41F244554FC00CF01E8 /* Reusable */ = {
			isa = PBXGroup;
			children = (
				A63E93D2243C4DD3006A8884 /* UIElments */,
				A65E0010244944120021BE49 /* Cells */,
				A65E000D244943CD0021BE49 /* Headers */,
			);
			path = Reusable;
			sourceTree = "<group>";
		};
		A675B4202445552F00CF01E8 /* TabBar */ = {
			isa = PBXGroup;
			children = (
				A63E93CC243C4CB7006A8884 /* UITabViewController.swift */,
			);
			path = TabBar;
			sourceTree = "<group>";
		};
		A675B4212445553F00CF01E8 /* More */ = {
			isa = PBXGroup;
			children = (
				A67CF5FE245FB039003572EF /* MyCollection */,
				A669BE34245C1C19005D96D1 /* RootController */,
				A6BF47EB244DC94600C85EA6 /* Search */,
				A6830FEB24499E9100615A2E /* Discover */,
				A68D05D4244DB30300973C93 /* MoreViewController.swift */,
			);
			path = More;
			sourceTree = "<group>";
		};
		A675B4222445574900CF01E8 /* TVShows */ = {
			isa = PBXGroup;
			children = (
				A65E000024493EA20021BE49 /* UITable */,
				A65E000124493EAE0021BE49 /* UICollection */,
			);
			path = TVShows;
			sourceTree = "<group>";
		};
		A67CF5FE245FB039003572EF /* MyCollection */ = {
			isa = PBXGroup;
			children = (
				A67CF5FF245FB048003572EF /* Mycollection.swift */,
				A6FF1E382474BC2200ABDC42 /* MovieCollectionVC.swift */,
				A6FF1E3A2474CDEB00ABDC42 /* MyTvShowsCollection.swift */,
				A687533124760CCF000A65D8 /* BaseVCForMyCollection.swift */,
			);
			path = MyCollection;
			sourceTree = "<group>";
		};
		A67CF606245FB883003572EF /* PersistentData */ = {
			isa = PBXGroup;
			children = (
				A67CF607245FB88E003572EF /* PersistentData.swift */,
			);
			path = PersistentData;
			sourceTree = "<group>";
		};
		A6816E392441B67300F57C15 /* Movies */ = {
			isa = PBXGroup;
			children = (
				A6816E3C2441B91200F57C15 /* LatestMovies.swift */,
				A6816E422441BD2600F57C15 /* MoviesDetails.swift */,
				A6816E462441BE4400F57C15 /* MovieResponceWithDates.swift */,
				A66FB86D24458AB600066249 /* MovieResponse.swift */,
			);
			path = Movies;
			sourceTree = "<group>";
		};
		A681996D24514AD100BE4427 /* Video */ = {
			isa = PBXGroup;
			children = (
				A681997024514B0200BE4427 /* VideoResponse.swift */,
			);
			path = Video;
			sourceTree = "<group>";
		};
		A6830FEB24499E9100615A2E /* Discover */ = {
			isa = PBXGroup;
			children = (
				A669BE36245C1C4B005D96D1 /* TvShowsGenre */,
				A669BE35245C1C2A005D96D1 /* MovieGenre */,
			);
			path = Discover;
			sourceTree = "<group>";
		};
		A6830FEE2449A3C100615A2E /* Genre */ = {
			isa = PBXGroup;
			children = (
				A6830FEF2449A40400615A2E /* Genre.swift */,
			);
			path = Genre;
			sourceTree = "<group>";
		};
		A68D05D6244DB40300973C93 /* Movies */ = {
			isa = PBXGroup;
			children = (
				A65E0013244944A70021BE49 /* UICollectionView */,
				A65E0014244944B10021BE49 /* UITableView */,
			);
			path = Movies;
			sourceTree = "<group>";
		};
		A68DC87C2474B40B0081E172 /* RootControllerWithCollectionView */ = {
			isa = PBXGroup;
			children = (
				A68DC87D2474B43B0081E172 /* RootVCForCollectionView.swift */,
			);
			path = RootControllerWithCollectionView;
			sourceTree = "<group>";
		};
		A6A8132424517972002AA51B /* BaseController */ = {
			isa = PBXGroup;
			children = (
				A6A81325245179B9002AA51B /* BaseControllerForItemDiscription.swift */,
			);
			path = BaseController;
			sourceTree = "<group>";
		};
		A6B12B192443629300E80E99 /* Search */ = {
			isa = PBXGroup;
			children = (
				A6B12B172443628300E80E99 /* MovieSearch.swift */,
				A6B12B1D2443655D00E80E99 /* TVSearch.swift */,
			);
			path = Search;
			sourceTree = "<group>";
		};
		A6B12B1C2443633A00E80E99 /* TV */ = {
			isa = PBXGroup;
			children = (
				A6B12B1A2443633200E80E99 /* TVShows.swift */,
				A675B43524457EE700CF01E8 /* TVShowsResponse.swift */,
			);
			path = TV;
			sourceTree = "<group>";
		};
		A6B2877F24419F3600E5A37E /* Network */ = {
			isa = PBXGroup;
			children = (
				A6B2878024419F5800E5A37E /* DBConnection.swift */,
			);
			path = Network;
			sourceTree = "<group>";
		};
		A6BC2AFC245A554E00E6BCC5 /* SharedMethods */ = {
			isa = PBXGroup;
			children = (
				A6BC2AFD245A556C00E6BCC5 /* Shared.swift */,
			);
			path = SharedMethods;
			sourceTree = "<group>";
		};
		A6BF47EB244DC94600C85EA6 /* Search */ = {
			isa = PBXGroup;
			children = (
				A669BE2D245C1851005D96D1 /* TVShows */,
				A669BE2C245C183F005D96D1 /* Movies */,
				A67B88F4245F3A5600F85B26 /* SearchRootController.swift */,
			);
			path = Search;
			sourceTree = "<group>";
		};
		A6CCBDA1244D648D004DE3D2 /* Movies */ = {
			isa = PBXGroup;
			children = (
				A6CCBDA3244D64B8004DE3D2 /* MoviesDetailsController.swift */,
			);
			path = Movies;
			sourceTree = "<group>";
		};
		A6CCBDA2244D6494004DE3D2 /* TVShows */ = {
			isa = PBXGroup;
			children = (
				A6413CD124440D690037A1A9 /* ItemDetailViewControllerForTable.swift */,
			);
			path = TVShows;
			sourceTree = "<group>";
		};
		A6CCBDAA244D6EF5004DE3D2 /* BottamSheet */ = {
			isa = PBXGroup;
			children = (
				A679C17A244AF16C007ABE44 /* BottomSheetViewController.swift */,
				A669BE32245C1A63005D96D1 /* BottamSheetExtension.swift */,
			);
			path = BottamSheet;
			sourceTree = "<group>";
		};
		A6EB08CC244D405E0081613A /* UItable */ = {
			isa = PBXGroup;
			children = (
				A61A3533243D52BC006F16F6 /* UItableCell.swift */,
			);
			path = UItable;
			sourceTree = "<group>";
		};
		A6EB08CD244D40910081613A /* UIcollections */ = {
			isa = PBXGroup;
			children = (
				A61E6688243F5DF800D8D236 /* HeaderForCollectionReusableView.swift */,
			);
			path = UIcollections;
			sourceTree = "<group>";
		};
		A6EB08CE244D41370081613A /* BaseController */ = {
			isa = PBXGroup;
			children = (
				A6EB08CF244D41580081613A /* BaseViewController.swift */,
			);
			path = BaseController;
			sourceTree = "<group>";
		};
		A6EB08D7244D575A0081613A /* ItemDiscription */ = {
			isa = PBXGroup;
			children = (
				A6A8132424517972002AA51B /* BaseController */,
				A6CCBDAA244D6EF5004DE3D2 /* BottamSheet */,
				A6CCBDA2244D6494004DE3D2 /* TVShows */,
				A6CCBDA1244D648D004DE3D2 /* Movies */,
			);
			path = ItemDiscription;
			sourceTree = "<group>";
		};
		A861E348FFD60C153DB512A5 /* Frameworks */ = {
			isa = PBXGroup;
			children = (
				A37AF0CF84691BC60AEBD9BE /* libPods-EntainmentWorld.a */,
				D4293BAC37AF777863867238 /* libPods-EntainmentWorld-EntainmentWorldUITests.a */,
				EF7207D546C4EA82189EF162 /* libPods-EntainmentWorldTests.a */,
			);
			name = Frameworks;
			sourceTree = "<group>";
		};
		BC735A5496ADA72C8DD725A5 /* Pods */ = {
			isa = PBXGroup;
			children = (
				5E01D172A405416CFACAE3FE /* Pods-EntainmentWorld.debug.xcconfig */,
				4701033FC57D969FAB2B0045 /* Pods-EntainmentWorld.release.xcconfig */,
				E90C2D193642E3555D7BF7F6 /* Pods-EntainmentWorld-EntainmentWorldUITests.debug.xcconfig */,
				79C8D5A62B803763D1CE8C75 /* Pods-EntainmentWorld-EntainmentWorldUITests.release.xcconfig */,
				D72A2A29032F04418332E082 /* Pods-EntainmentWorldTests.debug.xcconfig */,
				AA90C3484CB807E4AEC34B32 /* Pods-EntainmentWorldTests.release.xcconfig */,
			);
			path = Pods;
			sourceTree = "<group>";
		};
/* End PBXGroup section */

/* Begin PBXNativeTarget section */
		A63E938B243C4582006A8884 /* EntainmentWorld */ = {
			isa = PBXNativeTarget;
			buildConfigurationList = A63E93B9243C4582006A8884 /* Build configuration list for PBXNativeTarget "EntainmentWorld" */;
			buildPhases = (
				0DF8ADB899FDD393D0E49A05 /* [CP] Check Pods Manifest.lock */,
				A63E9388243C4582006A8884 /* Sources */,
				A63E9389243C4582006A8884 /* Frameworks */,
				A63E938A243C4582006A8884 /* Resources */,
				A2AC28CCFCF1AEA2695461D8 /* [CP] Copy Pods Resources */,
			);
			buildRules = (
			);
			dependencies = (
			);
			name = EntainmentWorld;
			productName = EntainmentWorld;
			productReference = A63E938C243C4582006A8884 /* EntainmentWorld.app */;
			productType = "com.apple.product-type.application";
		};
		A63E93A4243C4582006A8884 /* EntainmentWorldTests */ = {
			isa = PBXNativeTarget;
			buildConfigurationList = A63E93BC243C4582006A8884 /* Build configuration list for PBXNativeTarget "EntainmentWorldTests" */;
			buildPhases = (
				EE11E6A8BBF3F927CDD76B99 /* [CP] Check Pods Manifest.lock */,
				A63E93A1243C4582006A8884 /* Sources */,
				A63E93A2243C4582006A8884 /* Frameworks */,
				A63E93A3243C4582006A8884 /* Resources */,
			);
			buildRules = (
			);
			dependencies = (
				A63E93A7243C4582006A8884 /* PBXTargetDependency */,
			);
			name = EntainmentWorldTests;
			productName = EntainmentWorldTests;
			productReference = A63E93A5243C4582006A8884 /* EntainmentWorldTests.xctest */;
			productType = "com.apple.product-type.bundle.unit-test";
		};
		A63E93AF243C4582006A8884 /* EntainmentWorldUITests */ = {
			isa = PBXNativeTarget;
			buildConfigurationList = A63E93BF243C4582006A8884 /* Build configuration list for PBXNativeTarget "EntainmentWorldUITests" */;
			buildPhases = (
				58D7DDC2F189D22C59D510B8 /* [CP] Check Pods Manifest.lock */,
				A63E93AC243C4582006A8884 /* Sources */,
				A63E93AD243C4582006A8884 /* Frameworks */,
				A63E93AE243C4582006A8884 /* Resources */,
				B696EFAE79FEEB7E98A617E0 /* [CP] Copy Pods Resources */,
			);
			buildRules = (
			);
			dependencies = (
				A63E93B2243C4582006A8884 /* PBXTargetDependency */,
			);
			name = EntainmentWorldUITests;
			productName = EntainmentWorldUITests;
			productReference = A63E93B0243C4582006A8884 /* EntainmentWorldUITests.xctest */;
			productType = "com.apple.product-type.bundle.ui-testing";
		};
/* End PBXNativeTarget section */

/* Begin PBXProject section */
		A63E9384243C4582006A8884 /* Project object */ = {
			isa = PBXProject;
			attributes = {
				LastSwiftUpdateCheck = 1130;
				LastUpgradeCheck = 1130;
				ORGANIZATIONNAME = "CHARNPREET SINGH";
				TargetAttributes = {
					A63E938B243C4582006A8884 = {
						CreatedOnToolsVersion = 11.3.1;
					};
					A63E93A4243C4582006A8884 = {
						CreatedOnToolsVersion = 11.3.1;
						TestTargetID = A63E938B243C4582006A8884;
					};
					A63E93AF243C4582006A8884 = {
						CreatedOnToolsVersion = 11.3.1;
						TestTargetID = A63E938B243C4582006A8884;
					};
				};
			};
			buildConfigurationList = A63E9387243C4582006A8884 /* Build configuration list for PBXProject "EntainmentWorld" */;
			compatibilityVersion = "Xcode 9.3";
			developmentRegion = en;
			hasScannedForEncodings = 0;
			knownRegions = (
				en,
				Base,
			);
			mainGroup = A63E9383243C4582006A8884;
			productRefGroup = A63E938D243C4582006A8884 /* Products */;
			projectDirPath = "";
			projectRoot = "";
			targets = (
				A63E938B243C4582006A8884 /* EntainmentWorld */,
				A63E93A4243C4582006A8884 /* EntainmentWorldTests */,
				A63E93AF243C4582006A8884 /* EntainmentWorldUITests */,
			);
		};
/* End PBXProject section */

/* Begin PBXResourcesBuildPhase section */
		A63E938A243C4582006A8884 /* Resources */ = {
			isa = PBXResourcesBuildPhase;
			buildActionMask = 2147483647;
			files = (
				A63E939F243C4582006A8884 /* LaunchScreen.storyboard in Resources */,
				A696E6262450828A00C0199C /* BottamSheet.storyboard in Resources */,
				A6B90120244F2CC1005378D1 /* MoviesListByGenreID.storyboard in Resources */,
				A63E939C243C4582006A8884 /* Assets.xcassets in Resources */,
				A69E95B42444A4B900AEE1B3 /* TVShows.storyboard in Resources */,
				A6BF47F3244DCF0B00C85EA6 /* SearchShows.storyboard in Resources */,
				A6CCBDA8244D6705004DE3D2 /* moviesDiscription.storyboard in Resources */,
				A67CF5FD245FB023003572EF /* Mycollection.storyboard in Resources */,
				A67D8F88244F036300BD369D /* ShowsGenre.storyboard in Resources */,
				A69E95B22444A47200AEE1B3 /* Discover.storyboard in Resources */,
				A63E9397243C4582006A8884 /* Main.storyboard in Resources */,
				A69E95B62444A4D600AEE1B3 /* More.storyboard in Resources */,
				A61E668D243F68D200D8D236 /* TVShowsDetails.storyboard in Resources */,
				A6B9011E244F29CF005378D1 /* TVShowsListByGenre.storyboard in Resources */,
				A63E93C7243C46C6006A8884 /* Dashboard.storyboard in Resources */,
				A63E93DC243C5F0E006A8884 /* Movies.storyboard in Resources */,
				A63E93C9243C493F006A8884 /* Search.storyboard in Resources */,
				A63E93E0243C5FBE006A8884 /* Login.storyboard in Resources */,
			);
			runOnlyForDeploymentPostprocessing = 0;
		};
		A63E93A3243C4582006A8884 /* Resources */ = {
			isa = PBXResourcesBuildPhase;
			buildActionMask = 2147483647;
			files = (
			);
			runOnlyForDeploymentPostprocessing = 0;
		};
		A63E93AE243C4582006A8884 /* Resources */ = {
			isa = PBXResourcesBuildPhase;
			buildActionMask = 2147483647;
			files = (
			);
			runOnlyForDeploymentPostprocessing = 0;
		};
/* End PBXResourcesBuildPhase section */

/* Begin PBXShellScriptBuildPhase section */
		0DF8ADB899FDD393D0E49A05 /* [CP] Check Pods Manifest.lock */ = {
			isa = PBXShellScriptBuildPhase;
			buildActionMask = 2147483647;
			files = (
			);
			inputFileListPaths = (
			);
			inputPaths = (
				"${PODS_PODFILE_DIR_PATH}/Podfile.lock",
				"${PODS_ROOT}/Manifest.lock",
			);
			name = "[CP] Check Pods Manifest.lock";
			outputFileListPaths = (
			);
			outputPaths = (
				"$(DERIVED_FILE_DIR)/Pods-EntainmentWorld-checkManifestLockResult.txt",
			);
			runOnlyForDeploymentPostprocessing = 0;
			shellPath = /bin/sh;
			shellScript = "diff \"${PODS_PODFILE_DIR_PATH}/Podfile.lock\" \"${PODS_ROOT}/Manifest.lock\" > /dev/null\nif [ $? != 0 ] ; then\n    # print error to STDERR\n    echo \"error: The sandbox is not in sync with the Podfile.lock. Run 'pod install' or update your CocoaPods installation.\" >&2\n    exit 1\nfi\n# This output is used by Xcode 'outputs' to avoid re-running this script phase.\necho \"SUCCESS\" > \"${SCRIPT_OUTPUT_FILE_0}\"\n";
			showEnvVarsInLog = 0;
		};
		58D7DDC2F189D22C59D510B8 /* [CP] Check Pods Manifest.lock */ = {
			isa = PBXShellScriptBuildPhase;
			buildActionMask = 2147483647;
			files = (
			);
			inputFileListPaths = (
			);
			inputPaths = (
				"${PODS_PODFILE_DIR_PATH}/Podfile.lock",
				"${PODS_ROOT}/Manifest.lock",
			);
			name = "[CP] Check Pods Manifest.lock";
			outputFileListPaths = (
			);
			outputPaths = (
				"$(DERIVED_FILE_DIR)/Pods-EntainmentWorld-EntainmentWorldUITests-checkManifestLockResult.txt",
			);
			runOnlyForDeploymentPostprocessing = 0;
			shellPath = /bin/sh;
			shellScript = "diff \"${PODS_PODFILE_DIR_PATH}/Podfile.lock\" \"${PODS_ROOT}/Manifest.lock\" > /dev/null\nif [ $? != 0 ] ; then\n    # print error to STDERR\n    echo \"error: The sandbox is not in sync with the Podfile.lock. Run 'pod install' or update your CocoaPods installation.\" >&2\n    exit 1\nfi\n# This output is used by Xcode 'outputs' to avoid re-running this script phase.\necho \"SUCCESS\" > \"${SCRIPT_OUTPUT_FILE_0}\"\n";
			showEnvVarsInLog = 0;
		};
		A2AC28CCFCF1AEA2695461D8 /* [CP] Copy Pods Resources */ = {
			isa = PBXShellScriptBuildPhase;
			buildActionMask = 2147483647;
			files = (
			);
			inputFileListPaths = (
				"${PODS_ROOT}/Target Support Files/Pods-EntainmentWorld/Pods-EntainmentWorld-resources-${CONFIGURATION}-input-files.xcfilelist",
			);
			name = "[CP] Copy Pods Resources";
			outputFileListPaths = (
				"${PODS_ROOT}/Target Support Files/Pods-EntainmentWorld/Pods-EntainmentWorld-resources-${CONFIGURATION}-output-files.xcfilelist",
			);
			runOnlyForDeploymentPostprocessing = 0;
			shellPath = /bin/sh;
			shellScript = "\"${PODS_ROOT}/Target Support Files/Pods-EntainmentWorld/Pods-EntainmentWorld-resources.sh\"\n";
			showEnvVarsInLog = 0;
		};
		B696EFAE79FEEB7E98A617E0 /* [CP] Copy Pods Resources */ = {
			isa = PBXShellScriptBuildPhase;
			buildActionMask = 2147483647;
			files = (
			);
			inputFileListPaths = (
				"${PODS_ROOT}/Target Support Files/Pods-EntainmentWorld-EntainmentWorldUITests/Pods-EntainmentWorld-EntainmentWorldUITests-resources-${CONFIGURATION}-input-files.xcfilelist",
			);
			name = "[CP] Copy Pods Resources";
			outputFileListPaths = (
				"${PODS_ROOT}/Target Support Files/Pods-EntainmentWorld-EntainmentWorldUITests/Pods-EntainmentWorld-EntainmentWorldUITests-resources-${CONFIGURATION}-output-files.xcfilelist",
			);
			runOnlyForDeploymentPostprocessing = 0;
			shellPath = /bin/sh;
			shellScript = "\"${PODS_ROOT}/Target Support Files/Pods-EntainmentWorld-EntainmentWorldUITests/Pods-EntainmentWorld-EntainmentWorldUITests-resources.sh\"\n";
			showEnvVarsInLog = 0;
		};
		EE11E6A8BBF3F927CDD76B99 /* [CP] Check Pods Manifest.lock */ = {
			isa = PBXShellScriptBuildPhase;
			buildActionMask = 2147483647;
			files = (
			);
			inputFileListPaths = (
			);
			inputPaths = (
				"${PODS_PODFILE_DIR_PATH}/Podfile.lock",
				"${PODS_ROOT}/Manifest.lock",
			);
			name = "[CP] Check Pods Manifest.lock";
			outputFileListPaths = (
			);
			outputPaths = (
				"$(DERIVED_FILE_DIR)/Pods-EntainmentWorldTests-checkManifestLockResult.txt",
			);
			runOnlyForDeploymentPostprocessing = 0;
			shellPath = /bin/sh;
			shellScript = "diff \"${PODS_PODFILE_DIR_PATH}/Podfile.lock\" \"${PODS_ROOT}/Manifest.lock\" > /dev/null\nif [ $? != 0 ] ; then\n    # print error to STDERR\n    echo \"error: The sandbox is not in sync with the Podfile.lock. Run 'pod install' or update your CocoaPods installation.\" >&2\n    exit 1\nfi\n# This output is used by Xcode 'outputs' to avoid re-running this script phase.\necho \"SUCCESS\" > \"${SCRIPT_OUTPUT_FILE_0}\"\n";
			showEnvVarsInLog = 0;
		};
/* End PBXShellScriptBuildPhase section */

/* Begin PBXSourcesBuildPhase section */
		A63E9388243C4582006A8884 /* Sources */ = {
			isa = PBXSourcesBuildPhase;
			buildActionMask = 2147483647;
			files = (
				A67D8F86244F02F900BD369D /* TvShowGenre.swift in Sources */,
				A687533224760CCF000A65D8 /* BaseVCForMyCollection.swift in Sources */,
				A6725695243EBFFC00654257 /* CircularAnimationView.swift in Sources */,
				A67F46FC2458E0EB004C6B20 /* NoNetworkView.swift in Sources */,
				A66FB86E24458AB600066249 /* MovieResponse.swift in Sources */,
				A63E93D6243C4E1B006A8884 /* customButtons.swift in Sources */,
				A6354E162457BEF30060DD54 /* Frames.swift in Sources */,
				A6B90118244F2499005378D1 /* TVShowsGenreDiscover.swift in Sources */,
				A68254E7245ABB64005AFA6B /* BackGroundColor.swift in Sources */,
				A6B2878124419F5800E5A37E /* DBConnection.swift in Sources */,
				A6725698243EF7F100654257 /* Connection.swift in Sources */,
				A68DC87E2474B43B0081E172 /* RootVCForCollectionView.swift in Sources */,
				A6816E3D2441B91200F57C15 /* LatestMovies.swift in Sources */,
				A65E001A244946DE0021BE49 /* NowPlayingMoviesDataSource.swift in Sources */,
				A675B42824455B2600CF01E8 /* CustomTable.swift in Sources */,
				A669BE3F245C1DEE005D96D1 /* UICollectionExtension.swift in Sources */,
				A63E9394243C4582006A8884 /* DashboardViewController.swift in Sources */,
				A669BE38245C1CE4005D96D1 /* UITableExtension.swift in Sources */,
				A675B4242445577400CF01E8 /* TVShowsViewController.swift in Sources */,
				A6EB08D6244D52CA0081613A /* MovieCollectionViewSelected.swift in Sources */,
				A673D68C2461352C00651FB4 /* PersistentDataManager.swift in Sources */,
				A67CF608245FB88E003572EF /* PersistentData.swift in Sources */,
				A6BF47EF244DCDBD00C85EA6 /* SearchShows.swift in Sources */,
				A67D8F84244F001D00BD369D /* MovieGenreIdList.swift in Sources */,
				A6B12B1B2443633200E80E99 /* TVShows.swift in Sources */,
				A63E93CD243C4CB7006A8884 /* UITabViewController.swift in Sources */,
				A673D6BC24613F7A00651FB4 /* Movies+CoreDataProperties.swift in Sources */,
				A65E001C244946FE0021BE49 /* PopularMoviesDataSource.swift in Sources */,
				A65E001E2449471B0021BE49 /* UpcomingMoviesDataSource.swift in Sources */,
				A6830FED24499EA900615A2E /* RootControllerWithUICollectionView.swift in Sources */,
				A65E0016244944D40021BE49 /* DataSourceProviderForMovieTable.swift in Sources */,
				A61E6689243F5DF800D8D236 /* HeaderForCollectionReusableView.swift in Sources */,
				A63E93E2243C61AB006A8884 /* MovieViewController.swift in Sources */,
				A68D05D5244DB30300973C93 /* MoreViewController.swift in Sources */,
				A6FF1E3B2474CDEB00ABDC42 /* MyTvShowsCollection.swift in Sources */,
				A63E9390243C4582006A8884 /* AppDelegate.swift in Sources */,
				A6EB08D0244D41580081613A /* BaseViewController.swift in Sources */,
				A6BF47ED244DCA1E00C85EA6 /* SearchMovies.swift in Sources */,
				A63E93F3243C8296006A8884 /* CollectionViewCell.swift in Sources */,
				A6413CD0244405640037A1A9 /* UIBarButton.swift in Sources */,
				A6EE824624468E4E0071857E /* ONAirTodayShowsDataSource.swift in Sources */,
				A63E9392243C4582006A8884 /* SceneDelegate.swift in Sources */,
				A6B12B1E2443655D00E80E99 /* TVSearch.swift in Sources */,
				A65E002024494ADA0021BE49 /* LoadMoreMovieDataProtocol.swift in Sources */,
				A63E939A243C4582006A8884 /* EntainmentWorld.xcdatamodeld in Sources */,
				A6BC2AFE245A556C00E6BCC5 /* Shared.swift in Sources */,
				A6B12B182443628300E80E99 /* MovieSearch.swift in Sources */,
				A669BE41245C1ED7005D96D1 /* CollectionViewExtension.swift in Sources */,
				A675B43624457EE700CF01E8 /* TVShowsResponse.swift in Sources */,
				A673D6BE24613F7A00651FB4 /* TvShows+CoreDataProperties.swift in Sources */,
				A61E6687243F591C00D8D236 /* CustomSearchBar.swift in Sources */,
				A6EE824424468E150071857E /* DataSourceProviderForTableCells.swift in Sources */,
				A61A3534243D52BC006F16F6 /* UItableCell.swift in Sources */,
				A6BA8656244AD04A00EA561C /* CollectionViewSelectedItemProtocol.swift in Sources */,
				A681997124514B0200BE4427 /* VideoResponse.swift in Sources */,
				A679C17B244AF16C007ABE44 /* BottomSheetViewController.swift in Sources */,
				A6CCBDA4244D64B8004DE3D2 /* MoviesDetailsController.swift in Sources */,
				A6FF1E392474BC2200ABDC42 /* MovieCollectionVC.swift in Sources */,
				A63E93EB243C6333006A8884 /* UICollection.swift in Sources */,
				A6A81326245179B9002AA51B /* BaseControllerForItemDiscription.swift in Sources */,
				A669BE3A245C1D19005D96D1 /* LoadMoreContentExtension.swift in Sources */,
				A6EB08D4244D4F370081613A /* BaseDataProviderForMovieCollectionCell.swift in Sources */,
				A6816E432441BD2600F57C15 /* MoviesDetails.swift in Sources */,
				A669BE3C245C1D4E005D96D1 /* CollectionItemSelectedExtension.swift in Sources */,
				A673D6BD24613F7A00651FB4 /* TvShows+CoreDataClass.swift in Sources */,
				A61176D9243D78B90087BD8A /* CustomUILabel.swift in Sources */,
				A673D6BB24613F7A00651FB4 /* Movies+CoreDataClass.swift in Sources */,
				A61DA4F5245927A8002D2847 /* NetworkConnectivity.swift in Sources */,
				A6816E382441B49700F57C15 /* Routes.swift in Sources */,
				A65E000624493F5B0021BE49 /* PopularShowsDataSource.swift in Sources */,
				A63E93EF243C733C006A8884 /* customUIImage.swift in Sources */,
				A63E93ED243C6D37006A8884 /* Constants.swift in Sources */,
				A6413CD224440D690037A1A9 /* ItemDetailViewControllerForTable.swift in Sources */,
				A67CF602245FB146003572EF /* UISegmentedControll.swift in Sources */,
				A669BE33245C1A63005D96D1 /* BottamSheetExtension.swift in Sources */,
				A6CCDF4D24588C7400BC83EF /* ActivityIndicator.swift in Sources */,
				A6816E472441BE4400F57C15 /* MovieResponceWithDates.swift in Sources */,
				A65E000824493F910021BE49 /* TOPRatedShowsDataSource.swift in Sources */,
				A65E00182449468B0021BE49 /* TopRatedMoviesDataSource.swift in Sources */,
				A67CF600245FB048003572EF /* Mycollection.swift in Sources */,
				A65E000A24493FCB0021BE49 /* OnAirShowsDataSource.swift in Sources */,
				A6B90122244F2CE4005378D1 /* MoviesListByGenreID.swift in Sources */,
				A65E000424493F0A0021BE49 /* LoadMoreDataProtocol.swift in Sources */,
				A67B88F5245F3A5600F85B26 /* SearchRootController.swift in Sources */,
				A6830FF02449A40400615A2E /* Genre.swift in Sources */,
				A6EB08D2244D47FC0081613A /* BaseDataProviderShowsCollectionCell.swift in Sources */,
			);
			runOnlyForDeploymentPostprocessing = 0;
		};
		A63E93A1243C4582006A8884 /* Sources */ = {
			isa = PBXSourcesBuildPhase;
			buildActionMask = 2147483647;
			files = (
				A63E93AA243C4582006A8884 /* EntainmentWorldTests.swift in Sources */,
			);
			runOnlyForDeploymentPostprocessing = 0;
		};
		A63E93AC243C4582006A8884 /* Sources */ = {
			isa = PBXSourcesBuildPhase;
			buildActionMask = 2147483647;
			files = (
				A63E93B5243C4582006A8884 /* EntainmentWorldUITests.swift in Sources */,
			);
			runOnlyForDeploymentPostprocessing = 0;
		};
/* End PBXSourcesBuildPhase section */

/* Begin PBXTargetDependency section */
		A63E93A7243C4582006A8884 /* PBXTargetDependency */ = {
			isa = PBXTargetDependency;
			target = A63E938B243C4582006A8884 /* EntainmentWorld */;
			targetProxy = A63E93A6243C4582006A8884 /* PBXContainerItemProxy */;
		};
		A63E93B2243C4582006A8884 /* PBXTargetDependency */ = {
			isa = PBXTargetDependency;
			target = A63E938B243C4582006A8884 /* EntainmentWorld */;
			targetProxy = A63E93B1243C4582006A8884 /* PBXContainerItemProxy */;
		};
/* End PBXTargetDependency section */

/* Begin PBXVariantGroup section */
		A63E9395243C4582006A8884 /* Main.storyboard */ = {
			isa = PBXVariantGroup;
			children = (
				A63E9396243C4582006A8884 /* Base */,
			);
			name = Main.storyboard;
			sourceTree = "<group>";
		};
		A63E939D243C4582006A8884 /* LaunchScreen.storyboard */ = {
			isa = PBXVariantGroup;
			children = (
				A63E939E243C4582006A8884 /* Base */,
			);
			name = LaunchScreen.storyboard;
			sourceTree = "<group>";
		};
/* End PBXVariantGroup section */

/* Begin XCBuildConfiguration section */
		A63E93B7243C4582006A8884 /* Debug */ = {
			isa = XCBuildConfiguration;
			buildSettings = {
				ALWAYS_SEARCH_USER_PATHS = NO;
				CLANG_ANALYZER_NONNULL = YES;
				CLANG_ANALYZER_NUMBER_OBJECT_CONVERSION = YES_AGGRESSIVE;
				CLANG_CXX_LANGUAGE_STANDARD = "gnu++14";
				CLANG_CXX_LIBRARY = "libc++";
				CLANG_ENABLE_MODULES = YES;
				CLANG_ENABLE_OBJC_ARC = YES;
				CLANG_ENABLE_OBJC_WEAK = YES;
				CLANG_WARN_BLOCK_CAPTURE_AUTORELEASING = YES;
				CLANG_WARN_BOOL_CONVERSION = YES;
				CLANG_WARN_COMMA = YES;
				CLANG_WARN_CONSTANT_CONVERSION = YES;
				CLANG_WARN_DEPRECATED_OBJC_IMPLEMENTATIONS = YES;
				CLANG_WARN_DIRECT_OBJC_ISA_USAGE = YES_ERROR;
				CLANG_WARN_DOCUMENTATION_COMMENTS = YES;
				CLANG_WARN_EMPTY_BODY = YES;
				CLANG_WARN_ENUM_CONVERSION = YES;
				CLANG_WARN_INFINITE_RECURSION = YES;
				CLANG_WARN_INT_CONVERSION = YES;
				CLANG_WARN_NON_LITERAL_NULL_CONVERSION = YES;
				CLANG_WARN_OBJC_IMPLICIT_RETAIN_SELF = YES;
				CLANG_WARN_OBJC_LITERAL_CONVERSION = YES;
				CLANG_WARN_OBJC_ROOT_CLASS = YES_ERROR;
				CLANG_WARN_RANGE_LOOP_ANALYSIS = YES;
				CLANG_WARN_STRICT_PROTOTYPES = YES;
				CLANG_WARN_SUSPICIOUS_MOVE = YES;
				CLANG_WARN_UNGUARDED_AVAILABILITY = YES_AGGRESSIVE;
				CLANG_WARN_UNREACHABLE_CODE = YES;
				CLANG_WARN__DUPLICATE_METHOD_MATCH = YES;
				COPY_PHASE_STRIP = NO;
				DEBUG_INFORMATION_FORMAT = dwarf;
				ENABLE_STRICT_OBJC_MSGSEND = YES;
				ENABLE_TESTABILITY = YES;
				GCC_C_LANGUAGE_STANDARD = gnu11;
				GCC_DYNAMIC_NO_PIC = NO;
				GCC_NO_COMMON_BLOCKS = YES;
				GCC_OPTIMIZATION_LEVEL = 0;
				GCC_PREPROCESSOR_DEFINITIONS = (
					"DEBUG=1",
					"$(inherited)",
				);
				GCC_WARN_64_TO_32_BIT_CONVERSION = YES;
				GCC_WARN_ABOUT_RETURN_TYPE = YES_ERROR;
				GCC_WARN_UNDECLARED_SELECTOR = YES;
				GCC_WARN_UNINITIALIZED_AUTOS = YES_AGGRESSIVE;
				GCC_WARN_UNUSED_FUNCTION = YES;
				GCC_WARN_UNUSED_VARIABLE = YES;
				IPHONEOS_DEPLOYMENT_TARGET = 13.2;
				MTL_ENABLE_DEBUG_INFO = INCLUDE_SOURCE;
				MTL_FAST_MATH = YES;
				ONLY_ACTIVE_ARCH = YES;
				SDKROOT = iphoneos;
				SWIFT_ACTIVE_COMPILATION_CONDITIONS = DEBUG;
				SWIFT_OPTIMIZATION_LEVEL = "-Onone";
			};
			name = Debug;
		};
		A63E93B8243C4582006A8884 /* Release */ = {
			isa = XCBuildConfiguration;
			buildSettings = {
				ALWAYS_SEARCH_USER_PATHS = NO;
				CLANG_ANALYZER_NONNULL = YES;
				CLANG_ANALYZER_NUMBER_OBJECT_CONVERSION = YES_AGGRESSIVE;
				CLANG_CXX_LANGUAGE_STANDARD = "gnu++14";
				CLANG_CXX_LIBRARY = "libc++";
				CLANG_ENABLE_MODULES = YES;
				CLANG_ENABLE_OBJC_ARC = YES;
				CLANG_ENABLE_OBJC_WEAK = YES;
				CLANG_WARN_BLOCK_CAPTURE_AUTORELEASING = YES;
				CLANG_WARN_BOOL_CONVERSION = YES;
				CLANG_WARN_COMMA = YES;
				CLANG_WARN_CONSTANT_CONVERSION = YES;
				CLANG_WARN_DEPRECATED_OBJC_IMPLEMENTATIONS = YES;
				CLANG_WARN_DIRECT_OBJC_ISA_USAGE = YES_ERROR;
				CLANG_WARN_DOCUMENTATION_COMMENTS = YES;
				CLANG_WARN_EMPTY_BODY = YES;
				CLANG_WARN_ENUM_CONVERSION = YES;
				CLANG_WARN_INFINITE_RECURSION = YES;
				CLANG_WARN_INT_CONVERSION = YES;
				CLANG_WARN_NON_LITERAL_NULL_CONVERSION = YES;
				CLANG_WARN_OBJC_IMPLICIT_RETAIN_SELF = YES;
				CLANG_WARN_OBJC_LITERAL_CONVERSION = YES;
				CLANG_WARN_OBJC_ROOT_CLASS = YES_ERROR;
				CLANG_WARN_RANGE_LOOP_ANALYSIS = YES;
				CLANG_WARN_STRICT_PROTOTYPES = YES;
				CLANG_WARN_SUSPICIOUS_MOVE = YES;
				CLANG_WARN_UNGUARDED_AVAILABILITY = YES_AGGRESSIVE;
				CLANG_WARN_UNREACHABLE_CODE = YES;
				CLANG_WARN__DUPLICATE_METHOD_MATCH = YES;
				COPY_PHASE_STRIP = NO;
				DEBUG_INFORMATION_FORMAT = "dwarf-with-dsym";
				ENABLE_NS_ASSERTIONS = NO;
				ENABLE_STRICT_OBJC_MSGSEND = YES;
				GCC_C_LANGUAGE_STANDARD = gnu11;
				GCC_NO_COMMON_BLOCKS = YES;
				GCC_WARN_64_TO_32_BIT_CONVERSION = YES;
				GCC_WARN_ABOUT_RETURN_TYPE = YES_ERROR;
				GCC_WARN_UNDECLARED_SELECTOR = YES;
				GCC_WARN_UNINITIALIZED_AUTOS = YES_AGGRESSIVE;
				GCC_WARN_UNUSED_FUNCTION = YES;
				GCC_WARN_UNUSED_VARIABLE = YES;
				IPHONEOS_DEPLOYMENT_TARGET = 13.2;
				MTL_ENABLE_DEBUG_INFO = NO;
				MTL_FAST_MATH = YES;
				SDKROOT = iphoneos;
				SWIFT_COMPILATION_MODE = wholemodule;
				SWIFT_OPTIMIZATION_LEVEL = "-O";
				VALIDATE_PRODUCT = YES;
			};
			name = Release;
		};
		A63E93BA243C4582006A8884 /* Debug */ = {
			isa = XCBuildConfiguration;
			baseConfigurationReference = 5E01D172A405416CFACAE3FE /* Pods-EntainmentWorld.debug.xcconfig */;
			buildSettings = {
				ASSETCATALOG_COMPILER_APPICON_NAME = AppIcon;
				CODE_SIGN_STYLE = Automatic;
				DEVELOPMENT_TEAM = 274FU8ZBEU;
				INFOPLIST_FILE = EntainmentWorld/Info.plist;
				IPHONEOS_DEPLOYMENT_TARGET = 13.1;
				LD_RUNPATH_SEARCH_PATHS = (
					"$(inherited)",
					"@executable_path/Frameworks",
				);
				PRODUCT_BUNDLE_IDENTIFIER = charnpreet.EntainmentWorld;
				PRODUCT_NAME = "$(TARGET_NAME)";
				SWIFT_VERSION = 5.0;
				TARGETED_DEVICE_FAMILY = 1;
			};
			name = Debug;
		};
		A63E93BB243C4582006A8884 /* Release */ = {
			isa = XCBuildConfiguration;
			baseConfigurationReference = 4701033FC57D969FAB2B0045 /* Pods-EntainmentWorld.release.xcconfig */;
			buildSettings = {
				ASSETCATALOG_COMPILER_APPICON_NAME = AppIcon;
				CODE_SIGN_STYLE = Automatic;
				DEVELOPMENT_TEAM = 274FU8ZBEU;
				INFOPLIST_FILE = EntainmentWorld/Info.plist;
				IPHONEOS_DEPLOYMENT_TARGET = 13.1;
				LD_RUNPATH_SEARCH_PATHS = (
					"$(inherited)",
					"@executable_path/Frameworks",
				);
				PRODUCT_BUNDLE_IDENTIFIER = charnpreet.EntainmentWorld;
				PRODUCT_NAME = "$(TARGET_NAME)";
				SWIFT_VERSION = 5.0;
				TARGETED_DEVICE_FAMILY = 1;
			};
			name = Release;
		};
		A63E93BD243C4582006A8884 /* Debug */ = {
			isa = XCBuildConfiguration;
			baseConfigurationReference = D72A2A29032F04418332E082 /* Pods-EntainmentWorldTests.debug.xcconfig */;
			buildSettings = {
				ALWAYS_EMBED_SWIFT_STANDARD_LIBRARIES = YES;
				BUNDLE_LOADER = "$(TEST_HOST)";
				CODE_SIGN_STYLE = Automatic;
				DEVELOPMENT_TEAM = 274FU8ZBEU;
				INFOPLIST_FILE = EntainmentWorldTests/Info.plist;
				IPHONEOS_DEPLOYMENT_TARGET = 13.2;
				LD_RUNPATH_SEARCH_PATHS = (
					"$(inherited)",
					"@executable_path/Frameworks",
					"@loader_path/Frameworks",
				);
				PRODUCT_BUNDLE_IDENTIFIER = charnpreet.EntainmentWorldTests;
				PRODUCT_NAME = "$(TARGET_NAME)";
				SWIFT_VERSION = 5.0;
				TARGETED_DEVICE_FAMILY = "1,2";
				TEST_HOST = "$(BUILT_PRODUCTS_DIR)/EntainmentWorld.app/EntainmentWorld";
			};
			name = Debug;
		};
		A63E93BE243C4582006A8884 /* Release */ = {
			isa = XCBuildConfiguration;
			baseConfigurationReference = AA90C3484CB807E4AEC34B32 /* Pods-EntainmentWorldTests.release.xcconfig */;
			buildSettings = {
				ALWAYS_EMBED_SWIFT_STANDARD_LIBRARIES = YES;
				BUNDLE_LOADER = "$(TEST_HOST)";
				CODE_SIGN_STYLE = Automatic;
				DEVELOPMENT_TEAM = 274FU8ZBEU;
				INFOPLIST_FILE = EntainmentWorldTests/Info.plist;
				IPHONEOS_DEPLOYMENT_TARGET = 13.2;
				LD_RUNPATH_SEARCH_PATHS = (
					"$(inherited)",
					"@executable_path/Frameworks",
					"@loader_path/Frameworks",
				);
				PRODUCT_BUNDLE_IDENTIFIER = charnpreet.EntainmentWorldTests;
				PRODUCT_NAME = "$(TARGET_NAME)";
				SWIFT_VERSION = 5.0;
				TARGETED_DEVICE_FAMILY = "1,2";
				TEST_HOST = "$(BUILT_PRODUCTS_DIR)/EntainmentWorld.app/EntainmentWorld";
			};
			name = Release;
		};
		A63E93C0243C4582006A8884 /* Debug */ = {
			isa = XCBuildConfiguration;
			baseConfigurationReference = E90C2D193642E3555D7BF7F6 /* Pods-EntainmentWorld-EntainmentWorldUITests.debug.xcconfig */;
			buildSettings = {
				ALWAYS_EMBED_SWIFT_STANDARD_LIBRARIES = YES;
				CODE_SIGN_STYLE = Automatic;
				DEVELOPMENT_TEAM = 274FU8ZBEU;
				INFOPLIST_FILE = EntainmentWorldUITests/Info.plist;
				LD_RUNPATH_SEARCH_PATHS = (
					"$(inherited)",
					"@executable_path/Frameworks",
					"@loader_path/Frameworks",
				);
				PRODUCT_BUNDLE_IDENTIFIER = charnpreet.EntainmentWorldUITests;
				PRODUCT_NAME = "$(TARGET_NAME)";
				SWIFT_VERSION = 5.0;
				TARGETED_DEVICE_FAMILY = "1,2";
				TEST_TARGET_NAME = EntainmentWorld;
			};
			name = Debug;
		};
		A63E93C1243C4582006A8884 /* Release */ = {
			isa = XCBuildConfiguration;
			baseConfigurationReference = 79C8D5A62B803763D1CE8C75 /* Pods-EntainmentWorld-EntainmentWorldUITests.release.xcconfig */;
			buildSettings = {
				ALWAYS_EMBED_SWIFT_STANDARD_LIBRARIES = YES;
				CODE_SIGN_STYLE = Automatic;
				DEVELOPMENT_TEAM = 274FU8ZBEU;
				INFOPLIST_FILE = EntainmentWorldUITests/Info.plist;
				LD_RUNPATH_SEARCH_PATHS = (
					"$(inherited)",
					"@executable_path/Frameworks",
					"@loader_path/Frameworks",
				);
				PRODUCT_BUNDLE_IDENTIFIER = charnpreet.EntainmentWorldUITests;
				PRODUCT_NAME = "$(TARGET_NAME)";
				SWIFT_VERSION = 5.0;
				TARGETED_DEVICE_FAMILY = "1,2";
				TEST_TARGET_NAME = EntainmentWorld;
			};
			name = Release;
		};
/* End XCBuildConfiguration section */

/* Begin XCConfigurationList section */
		A63E9387243C4582006A8884 /* Build configuration list for PBXProject "EntainmentWorld" */ = {
			isa = XCConfigurationList;
			buildConfigurations = (
				A63E93B7243C4582006A8884 /* Debug */,
				A63E93B8243C4582006A8884 /* Release */,
			);
			defaultConfigurationIsVisible = 0;
			defaultConfigurationName = Release;
		};
		A63E93B9243C4582006A8884 /* Build configuration list for PBXNativeTarget "EntainmentWorld" */ = {
			isa = XCConfigurationList;
			buildConfigurations = (
				A63E93BA243C4582006A8884 /* Debug */,
				A63E93BB243C4582006A8884 /* Release */,
			);
			defaultConfigurationIsVisible = 0;
			defaultConfigurationName = Release;
		};
		A63E93BC243C4582006A8884 /* Build configuration list for PBXNativeTarget "EntainmentWorldTests" */ = {
			isa = XCConfigurationList;
			buildConfigurations = (
				A63E93BD243C4582006A8884 /* Debug */,
				A63E93BE243C4582006A8884 /* Release */,
			);
			defaultConfigurationIsVisible = 0;
			defaultConfigurationName = Release;
		};
		A63E93BF243C4582006A8884 /* Build configuration list for PBXNativeTarget "EntainmentWorldUITests" */ = {
			isa = XCConfigurationList;
			buildConfigurations = (
				A63E93C0243C4582006A8884 /* Debug */,
				A63E93C1243C4582006A8884 /* Release */,
			);
			defaultConfigurationIsVisible = 0;
			defaultConfigurationName = Release;
		};
/* End XCConfigurationList section */

/* Begin XCVersionGroup section */
		A63E9398243C4582006A8884 /* EntainmentWorld.xcdatamodeld */ = {
			isa = XCVersionGroup;
			children = (
				A63E9399243C4582006A8884 /* EntainmentWorld.xcdatamodel */,
			);
			currentVersion = A63E9399243C4582006A8884 /* EntainmentWorld.xcdatamodel */;
			path = EntainmentWorld.xcdatamodeld;
			sourceTree = "<group>";
			versionGroupType = wrapper.xcdatamodel;
		};
/* End XCVersionGroup section */
	};
	rootObject = A63E9384243C4582006A8884 /* Project object */;
}
