// !$*UTF8*$!
{
	archiveVersion = 1;
	classes = {
	};
	objectVersion = 50;
	objects = {

/* Begin PBXBuildFile section */
		A609CBF6244223D8005D917C /* itemDetailSegus.swift in Sources */ = {isa = PBXBuildFile; fileRef = A609CBF5244223D8005D917C /* itemDetailSegus.swift */; };
		A61176D9243D78B90087BD8A /* CustomUILabel.swift in Sources */ = {isa = PBXBuildFile; fileRef = A61176D8243D78B90087BD8A /* CustomUILabel.swift */; };
		A61176DB243D78D60087BD8A /* CustomUISwitch.swift in Sources */ = {isa = PBXBuildFile; fileRef = A61176DA243D78D60087BD8A /* CustomUISwitch.swift */; };
		A61A3534243D52BC006F16F6 /* MovieTableCell.swift in Sources */ = {isa = PBXBuildFile; fileRef = A61A3533243D52BC006F16F6 /* MovieTableCell.swift */; };
		A61E6687243F591C00D8D236 /* CustomSearchBar.swift in Sources */ = {isa = PBXBuildFile; fileRef = A61E6686243F591C00D8D236 /* CustomSearchBar.swift */; };
		A61E6689243F5DF800D8D236 /* HeaderForCollectionReusableView.swift in Sources */ = {isa = PBXBuildFile; fileRef = A61E6688243F5DF800D8D236 /* HeaderForCollectionReusableView.swift */; };
		A61E668D243F68D200D8D236 /* ItemDetails.storyboard in Resources */ = {isa = PBXBuildFile; fileRef = A61E668C243F68D200D8D236 /* ItemDetails.storyboard */; };
		A63E9390243C4582006A8884 /* AppDelegate.swift in Sources */ = {isa = PBXBuildFile; fileRef = A63E938F243C4582006A8884 /* AppDelegate.swift */; };
		A63E9392243C4582006A8884 /* SceneDelegate.swift in Sources */ = {isa = PBXBuildFile; fileRef = A63E9391243C4582006A8884 /* SceneDelegate.swift */; };
		A63E9394243C4582006A8884 /* DashboardViewController.swift in Sources */ = {isa = PBXBuildFile; fileRef = A63E9393243C4582006A8884 /* DashboardViewController.swift */; };
		A63E9397243C4582006A8884 /* Main.storyboard in Resources */ = {isa = PBXBuildFile; fileRef = A63E9395243C4582006A8884 /* Main.storyboard */; };
		A63E939A243C4582006A8884 /* EntainmentWorld.xcdatamodeld in Sources */ = {isa = PBXBuildFile; fileRef = A63E9398243C4582006A8884 /* EntainmentWorld.xcdatamodeld */; };
		A63E939C243C4582006A8884 /* Assets.xcassets in Resources */ = {isa = PBXBuildFile; fileRef = A63E939B243C4582006A8884 /* Assets.xcassets */; };
		A63E939F243C4582006A8884 /* LaunchScreen.storyboard in Resources */ = {isa = PBXBuildFile; fileRef = A63E939D243C4582006A8884 /* LaunchScreen.storyboard */; };
		A63E93AA243C4582006A8884 /* EntainmentWorldTests.swift in Sources */ = {isa = PBXBuildFile; fileRef = A63E93A9243C4582006A8884 /* EntainmentWorldTests.swift */; };
		A63E93B5243C4582006A8884 /* EntainmentWorldUITests.swift in Sources */ = {isa = PBXBuildFile; fileRef = A63E93B4243C4582006A8884 /* EntainmentWorldUITests.swift */; };
		A63E93C7243C46C6006A8884 /* Dashboard.storyboard in Resources */ = {isa = PBXBuildFile; fileRef = A63E93C6243C46C6006A8884 /* Dashboard.storyboard */; };
		A63E93C9243C493F006A8884 /* Search.storyboard in Resources */ = {isa = PBXBuildFile; fileRef = A63E93C8243C493F006A8884 /* Search.storyboard */; };
		A63E93CB243C4A4F006A8884 /* Fav.storyboard in Resources */ = {isa = PBXBuildFile; fileRef = A63E93CA243C4A4F006A8884 /* Fav.storyboard */; };
		A63E93CD243C4CB7006A8884 /* UITabViewController.swift in Sources */ = {isa = PBXBuildFile; fileRef = A63E93CC243C4CB7006A8884 /* UITabViewController.swift */; };
		A63E93CF243C4D4A006A8884 /* SearchViewController.swift in Sources */ = {isa = PBXBuildFile; fileRef = A63E93CE243C4D4A006A8884 /* SearchViewController.swift */; };
		A63E93D1243C4D56006A8884 /* FavViewController.swift in Sources */ = {isa = PBXBuildFile; fileRef = A63E93D0243C4D56006A8884 /* FavViewController.swift */; };
		A63E93D6243C4E1B006A8884 /* customButtons.swift in Sources */ = {isa = PBXBuildFile; fileRef = A63E93D5243C4E1B006A8884 /* customButtons.swift */; };
		A63E93DC243C5F0E006A8884 /* Movies.storyboard in Resources */ = {isa = PBXBuildFile; fileRef = A63E93DB243C5F0E006A8884 /* Movies.storyboard */; };
		A63E93DE243C5F69006A8884 /* Profile.storyboard in Resources */ = {isa = PBXBuildFile; fileRef = A63E93DD243C5F69006A8884 /* Profile.storyboard */; };
		A63E93E0243C5FBE006A8884 /* Login.storyboard in Resources */ = {isa = PBXBuildFile; fileRef = A63E93DF243C5FBE006A8884 /* Login.storyboard */; };
		A63E93E2243C61AB006A8884 /* MovieViewController.swift in Sources */ = {isa = PBXBuildFile; fileRef = A63E93E1243C61AB006A8884 /* MovieViewController.swift */; };
		A63E93E4243C61C0006A8884 /* ProfileViewController.swift in Sources */ = {isa = PBXBuildFile; fileRef = A63E93E3243C61C0006A8884 /* ProfileViewController.swift */; };
		A63E93E6243C61CA006A8884 /* LoginViewController.swift in Sources */ = {isa = PBXBuildFile; fileRef = A63E93E5243C61CA006A8884 /* LoginViewController.swift */; };
		A63E93E9243C631C006A8884 /* UITable.swift in Sources */ = {isa = PBXBuildFile; fileRef = A63E93E8243C631C006A8884 /* UITable.swift */; };
		A63E93EB243C6333006A8884 /* UICollection.swift in Sources */ = {isa = PBXBuildFile; fileRef = A63E93EA243C6333006A8884 /* UICollection.swift */; };
		A63E93ED243C6D37006A8884 /* Constants.swift in Sources */ = {isa = PBXBuildFile; fileRef = A63E93EC243C6D37006A8884 /* Constants.swift */; };
		A63E93EF243C733C006A8884 /* customUIImage.swift in Sources */ = {isa = PBXBuildFile; fileRef = A63E93EE243C733C006A8884 /* customUIImage.swift */; };
		A63E93F3243C8296006A8884 /* CollectionViewCell.swift in Sources */ = {isa = PBXBuildFile; fileRef = A63E93F2243C8296006A8884 /* CollectionViewCell.swift */; };
		A6413CD0244405640037A1A9 /* UIBarButton.swift in Sources */ = {isa = PBXBuildFile; fileRef = A6413CCF244405640037A1A9 /* UIBarButton.swift */; };
		A6413CD224440D690037A1A9 /* ItemDetailViewController.swift in Sources */ = {isa = PBXBuildFile; fileRef = A6413CD124440D690037A1A9 /* ItemDetailViewController.swift */; };
		A65E000424493F0A0021BE49 /* LoadMoreDataProtocol.swift in Sources */ = {isa = PBXBuildFile; fileRef = A65E000324493F0A0021BE49 /* LoadMoreDataProtocol.swift */; };
		A65E000624493F5B0021BE49 /* PopularShowsDataSource.swift in Sources */ = {isa = PBXBuildFile; fileRef = A65E000524493F5B0021BE49 /* PopularShowsDataSource.swift */; };
		A65E000824493F910021BE49 /* TOPRatedShowsDataSource.swift in Sources */ = {isa = PBXBuildFile; fileRef = A65E000724493F910021BE49 /* TOPRatedShowsDataSource.swift */; };
		A65E000A24493FCB0021BE49 /* OnAirShowsDataSource.swift in Sources */ = {isa = PBXBuildFile; fileRef = A65E000924493FCB0021BE49 /* OnAirShowsDataSource.swift */; };
		A65E0016244944D40021BE49 /* DataSourceProviderForMovieTable.swift in Sources */ = {isa = PBXBuildFile; fileRef = A65E0015244944D40021BE49 /* DataSourceProviderForMovieTable.swift */; };
		A65E00182449468B0021BE49 /* TopRatedMoviesDataSource.swift in Sources */ = {isa = PBXBuildFile; fileRef = A65E00172449468B0021BE49 /* TopRatedMoviesDataSource.swift */; };
		A65E001A244946DE0021BE49 /* NowPlayingMoviesDataSource.swift in Sources */ = {isa = PBXBuildFile; fileRef = A65E0019244946DE0021BE49 /* NowPlayingMoviesDataSource.swift */; };
		A65E001C244946FE0021BE49 /* PopularMoviesDataSource.swift in Sources */ = {isa = PBXBuildFile; fileRef = A65E001B244946FE0021BE49 /* PopularMoviesDataSource.swift */; };
		A65E001E2449471B0021BE49 /* UpcomingMoviesDataSource.swift in Sources */ = {isa = PBXBuildFile; fileRef = A65E001D2449471B0021BE49 /* UpcomingMoviesDataSource.swift */; };
		A65E002024494ADA0021BE49 /* LoadMoreMovieDataProtocol.swift in Sources */ = {isa = PBXBuildFile; fileRef = A65E001F24494ADA0021BE49 /* LoadMoreMovieDataProtocol.swift */; };
		A66FB86E24458AB600066249 /* MovieResponse.swift in Sources */ = {isa = PBXBuildFile; fileRef = A66FB86D24458AB600066249 /* MovieResponse.swift */; };
		A6725695243EBFFC00654257 /* CircularAnimationView.swift in Sources */ = {isa = PBXBuildFile; fileRef = A6725694243EBFFC00654257 /* CircularAnimationView.swift */; };
		A6725698243EF7F100654257 /* Connection.swift in Sources */ = {isa = PBXBuildFile; fileRef = A6725697243EF7F100654257 /* Connection.swift */; };
		A675B4242445577400CF01E8 /* TVShowsViewController.swift in Sources */ = {isa = PBXBuildFile; fileRef = A675B4232445577400CF01E8 /* TVShowsViewController.swift */; };
		A675B42824455B2600CF01E8 /* CustomTable.swift in Sources */ = {isa = PBXBuildFile; fileRef = A675B42724455B2600CF01E8 /* CustomTable.swift */; };
		A675B42E24457A5000CF01E8 /* TVTableViewCell.swift in Sources */ = {isa = PBXBuildFile; fileRef = A675B42D24457A5000CF01E8 /* TVTableViewCell.swift */; };
		A675B43624457EE700CF01E8 /* TVShowsResponse.swift in Sources */ = {isa = PBXBuildFile; fileRef = A675B43524457EE700CF01E8 /* TVShowsResponse.swift */; };
		A675B438244580A800CF01E8 /* TableContraints.swift in Sources */ = {isa = PBXBuildFile; fileRef = A675B437244580A800CF01E8 /* TableContraints.swift */; };
		A6816E382441B49700F57C15 /* Routes.swift in Sources */ = {isa = PBXBuildFile; fileRef = A6816E372441B49700F57C15 /* Routes.swift */; };
		A6816E3D2441B91200F57C15 /* LatestMovies.swift in Sources */ = {isa = PBXBuildFile; fileRef = A6816E3C2441B91200F57C15 /* LatestMovies.swift */; };
		A6816E432441BD2600F57C15 /* MoviesDetails.swift in Sources */ = {isa = PBXBuildFile; fileRef = A6816E422441BD2600F57C15 /* MoviesDetails.swift */; };
		A6816E472441BE4400F57C15 /* MovieResponceWithDates.swift in Sources */ = {isa = PBXBuildFile; fileRef = A6816E462441BE4400F57C15 /* MovieResponceWithDates.swift */; };
		A6830FED24499EA900615A2E /* DiscoverViewController.swift in Sources */ = {isa = PBXBuildFile; fileRef = A6830FEC24499EA900615A2E /* DiscoverViewController.swift */; };
		A6830FF02449A40400615A2E /* Genre.swift in Sources */ = {isa = PBXBuildFile; fileRef = A6830FEF2449A40400615A2E /* Genre.swift */; };
		A69E95B22444A47200AEE1B3 /* Discover.storyboard in Resources */ = {isa = PBXBuildFile; fileRef = A69E95B12444A47200AEE1B3 /* Discover.storyboard */; };
		A69E95B42444A4B900AEE1B3 /* TVShows.storyboard in Resources */ = {isa = PBXBuildFile; fileRef = A69E95B32444A4B900AEE1B3 /* TVShows.storyboard */; };
		A69E95B62444A4D600AEE1B3 /* More.storyboard in Resources */ = {isa = PBXBuildFile; fileRef = A69E95B52444A4D600AEE1B3 /* More.storyboard */; };
		A6B12B182443628300E80E99 /* MovieSearch.swift in Sources */ = {isa = PBXBuildFile; fileRef = A6B12B172443628300E80E99 /* MovieSearch.swift */; };
		A6B12B1B2443633200E80E99 /* TVShows.swift in Sources */ = {isa = PBXBuildFile; fileRef = A6B12B1A2443633200E80E99 /* TVShows.swift */; };
		A6B12B1E2443655D00E80E99 /* TVSearch.swift in Sources */ = {isa = PBXBuildFile; fileRef = A6B12B1D2443655D00E80E99 /* TVSearch.swift */; };
		A6B2878124419F5800E5A37E /* DBConnection.swift in Sources */ = {isa = PBXBuildFile; fileRef = A6B2878024419F5800E5A37E /* DBConnection.swift */; };
		A6EE823F24468D490071857E /* MovieTableCellCollectionViewExtension.swift in Sources */ = {isa = PBXBuildFile; fileRef = A6EE823E24468D490071857E /* MovieTableCellCollectionViewExtension.swift */; };
		A6EE824124468DBA0071857E /* MovieTableControllerExtensions.swift in Sources */ = {isa = PBXBuildFile; fileRef = A6EE824024468DBA0071857E /* MovieTableControllerExtensions.swift */; };
		A6EE824424468E150071857E /* DataSourceProviderForTableCells.swift in Sources */ = {isa = PBXBuildFile; fileRef = A6EE824324468E150071857E /* DataSourceProviderForTableCells.swift */; };
		A6EE824624468E4E0071857E /* ONAirTodayShowsDataSource.swift in Sources */ = {isa = PBXBuildFile; fileRef = A6EE824524468E4E0071857E /* ONAirTodayShowsDataSource.swift */; };
/* End PBXBuildFile section */

/* Begin PBXContainerItemProxy section */
		A63E93A6243C4582006A8884 /* PBXContainerItemProxy */ = {
			isa = PBXContainerItemProxy;
			containerPortal = A63E9384243C4582006A8884 /* Project object */;
			proxyType = 1;
			remoteGlobalIDString = A63E938B243C4582006A8884;
			remoteInfo = EntainmentWorld;
		};
		A63E93B1243C4582006A8884 /* PBXContainerItemProxy */ = {
			isa = PBXContainerItemProxy;
			containerPortal = A63E9384243C4582006A8884 /* Project object */;
			proxyType = 1;
			remoteGlobalIDString = A63E938B243C4582006A8884;
			remoteInfo = EntainmentWorld;
		};
/* End PBXContainerItemProxy section */

/* Begin PBXFileReference section */
		A609CBF5244223D8005D917C /* itemDetailSegus.swift */ = {isa = PBXFileReference; lastKnownFileType = sourcecode.swift; path = itemDetailSegus.swift; sourceTree = "<group>"; };
		A61176D8243D78B90087BD8A /* CustomUILabel.swift */ = {isa = PBXFileReference; lastKnownFileType = sourcecode.swift; path = CustomUILabel.swift; sourceTree = "<group>"; };
		A61176DA243D78D60087BD8A /* CustomUISwitch.swift */ = {isa = PBXFileReference; lastKnownFileType = sourcecode.swift; path = CustomUISwitch.swift; sourceTree = "<group>"; };
		A61A3533243D52BC006F16F6 /* MovieTableCell.swift */ = {isa = PBXFileReference; lastKnownFileType = sourcecode.swift; path = MovieTableCell.swift; sourceTree = "<group>"; };
		A61E6686243F591C00D8D236 /* CustomSearchBar.swift */ = {isa = PBXFileReference; lastKnownFileType = sourcecode.swift; path = CustomSearchBar.swift; sourceTree = "<group>"; };
		A61E6688243F5DF800D8D236 /* HeaderForCollectionReusableView.swift */ = {isa = PBXFileReference; lastKnownFileType = sourcecode.swift; path = HeaderForCollectionReusableView.swift; sourceTree = "<group>"; };
		A61E668C243F68D200D8D236 /* ItemDetails.storyboard */ = {isa = PBXFileReference; lastKnownFileType = file.storyboard; path = ItemDetails.storyboard; sourceTree = "<group>"; };
		A63E938C243C4582006A8884 /* EntainmentWorld.app */ = {isa = PBXFileReference; explicitFileType = wrapper.application; includeInIndex = 0; path = EntainmentWorld.app; sourceTree = BUILT_PRODUCTS_DIR; };
		A63E938F243C4582006A8884 /* AppDelegate.swift */ = {isa = PBXFileReference; lastKnownFileType = sourcecode.swift; path = AppDelegate.swift; sourceTree = "<group>"; };
		A63E9391243C4582006A8884 /* SceneDelegate.swift */ = {isa = PBXFileReference; lastKnownFileType = sourcecode.swift; path = SceneDelegate.swift; sourceTree = "<group>"; };
		A63E9393243C4582006A8884 /* DashboardViewController.swift */ = {isa = PBXFileReference; lastKnownFileType = sourcecode.swift; path = DashboardViewController.swift; sourceTree = "<group>"; };
		A63E9396243C4582006A8884 /* Base */ = {isa = PBXFileReference; lastKnownFileType = file.storyboard; name = Base; path = Base.lproj/Main.storyboard; sourceTree = "<group>"; };
		A63E9399243C4582006A8884 /* EntainmentWorld.xcdatamodel */ = {isa = PBXFileReference; lastKnownFileType = wrapper.xcdatamodel; path = EntainmentWorld.xcdatamodel; sourceTree = "<group>"; };
		A63E939B243C4582006A8884 /* Assets.xcassets */ = {isa = PBXFileReference; lastKnownFileType = folder.assetcatalog; path = Assets.xcassets; sourceTree = "<group>"; };
		A63E939E243C4582006A8884 /* Base */ = {isa = PBXFileReference; lastKnownFileType = file.storyboard; name = Base; path = Base.lproj/LaunchScreen.storyboard; sourceTree = "<group>"; };
		A63E93A0243C4582006A8884 /* Info.plist */ = {isa = PBXFileReference; lastKnownFileType = text.plist.xml; path = Info.plist; sourceTree = "<group>"; };
		A63E93A5243C4582006A8884 /* EntainmentWorldTests.xctest */ = {isa = PBXFileReference; explicitFileType = wrapper.cfbundle; includeInIndex = 0; path = EntainmentWorldTests.xctest; sourceTree = BUILT_PRODUCTS_DIR; };
		A63E93A9243C4582006A8884 /* EntainmentWorldTests.swift */ = {isa = PBXFileReference; lastKnownFileType = sourcecode.swift; path = EntainmentWorldTests.swift; sourceTree = "<group>"; };
		A63E93AB243C4582006A8884 /* Info.plist */ = {isa = PBXFileReference; lastKnownFileType = text.plist.xml; path = Info.plist; sourceTree = "<group>"; };
		A63E93B0243C4582006A8884 /* EntainmentWorldUITests.xctest */ = {isa = PBXFileReference; explicitFileType = wrapper.cfbundle; includeInIndex = 0; path = EntainmentWorldUITests.xctest; sourceTree = BUILT_PRODUCTS_DIR; };
		A63E93B4243C4582006A8884 /* EntainmentWorldUITests.swift */ = {isa = PBXFileReference; lastKnownFileType = sourcecode.swift; path = EntainmentWorldUITests.swift; sourceTree = "<group>"; };
		A63E93B6243C4582006A8884 /* Info.plist */ = {isa = PBXFileReference; lastKnownFileType = text.plist.xml; path = Info.plist; sourceTree = "<group>"; };
		A63E93C6243C46C6006A8884 /* Dashboard.storyboard */ = {isa = PBXFileReference; lastKnownFileType = file.storyboard; path = Dashboard.storyboard; sourceTree = "<group>"; };
		A63E93C8243C493F006A8884 /* Search.storyboard */ = {isa = PBXFileReference; lastKnownFileType = file.storyboard; path = Search.storyboard; sourceTree = "<group>"; };
		A63E93CA243C4A4F006A8884 /* Fav.storyboard */ = {isa = PBXFileReference; lastKnownFileType = file.storyboard; path = Fav.storyboard; sourceTree = "<group>"; };
		A63E93CC243C4CB7006A8884 /* UITabViewController.swift */ = {isa = PBXFileReference; lastKnownFileType = sourcecode.swift; path = UITabViewController.swift; sourceTree = "<group>"; };
		A63E93CE243C4D4A006A8884 /* SearchViewController.swift */ = {isa = PBXFileReference; lastKnownFileType = sourcecode.swift; path = SearchViewController.swift; sourceTree = "<group>"; };
		A63E93D0243C4D56006A8884 /* FavViewController.swift */ = {isa = PBXFileReference; lastKnownFileType = sourcecode.swift; path = FavViewController.swift; sourceTree = "<group>"; };
		A63E93D5243C4E1B006A8884 /* customButtons.swift */ = {isa = PBXFileReference; lastKnownFileType = sourcecode.swift; path = customButtons.swift; sourceTree = "<group>"; };
		A63E93DB243C5F0E006A8884 /* Movies.storyboard */ = {isa = PBXFileReference; lastKnownFileType = file.storyboard; path = Movies.storyboard; sourceTree = "<group>"; };
		A63E93DD243C5F69006A8884 /* Profile.storyboard */ = {isa = PBXFileReference; lastKnownFileType = file.storyboard; path = Profile.storyboard; sourceTree = "<group>"; };
		A63E93DF243C5FBE006A8884 /* Login.storyboard */ = {isa = PBXFileReference; lastKnownFileType = file.storyboard; path = Login.storyboard; sourceTree = "<group>"; };
		A63E93E1243C61AB006A8884 /* MovieViewController.swift */ = {isa = PBXFileReference; lastKnownFileType = sourcecode.swift; path = MovieViewController.swift; sourceTree = "<group>"; };
		A63E93E3243C61C0006A8884 /* ProfileViewController.swift */ = {isa = PBXFileReference; lastKnownFileType = sourcecode.swift; path = ProfileViewController.swift; sourceTree = "<group>"; };
		A63E93E5243C61CA006A8884 /* LoginViewController.swift */ = {isa = PBXFileReference; lastKnownFileType = sourcecode.swift; path = LoginViewController.swift; sourceTree = "<group>"; };
		A63E93E8243C631C006A8884 /* UITable.swift */ = {isa = PBXFileReference; lastKnownFileType = sourcecode.swift; path = UITable.swift; sourceTree = "<group>"; };
		A63E93EA243C6333006A8884 /* UICollection.swift */ = {isa = PBXFileReference; lastKnownFileType = sourcecode.swift; path = UICollection.swift; sourceTree = "<group>"; };
		A63E93EC243C6D37006A8884 /* Constants.swift */ = {isa = PBXFileReference; lastKnownFileType = sourcecode.swift; path = Constants.swift; sourceTree = "<group>"; };
		A63E93EE243C733C006A8884 /* customUIImage.swift */ = {isa = PBXFileReference; lastKnownFileType = sourcecode.swift; path = customUIImage.swift; sourceTree = "<group>"; };
		A63E93F2243C8296006A8884 /* CollectionViewCell.swift */ = {isa = PBXFileReference; lastKnownFileType = sourcecode.swift; path = CollectionViewCell.swift; sourceTree = "<group>"; };
		A6413CCF244405640037A1A9 /* UIBarButton.swift */ = {isa = PBXFileReference; lastKnownFileType = sourcecode.swift; path = UIBarButton.swift; sourceTree = "<group>"; };
		A6413CD124440D690037A1A9 /* ItemDetailViewController.swift */ = {isa = PBXFileReference; lastKnownFileType = sourcecode.swift; path = ItemDetailViewController.swift; sourceTree = "<group>"; };
		A65E000324493F0A0021BE49 /* LoadMoreDataProtocol.swift */ = {isa = PBXFileReference; lastKnownFileType = sourcecode.swift; path = LoadMoreDataProtocol.swift; sourceTree = "<group>"; };
		A65E000524493F5B0021BE49 /* PopularShowsDataSource.swift */ = {isa = PBXFileReference; lastKnownFileType = sourcecode.swift; path = PopularShowsDataSource.swift; sourceTree = "<group>"; };
		A65E000724493F910021BE49 /* TOPRatedShowsDataSource.swift */ = {isa = PBXFileReference; lastKnownFileType = sourcecode.swift; path = TOPRatedShowsDataSource.swift; sourceTree = "<group>"; };
		A65E000924493FCB0021BE49 /* OnAirShowsDataSource.swift */ = {isa = PBXFileReference; lastKnownFileType = sourcecode.swift; path = OnAirShowsDataSource.swift; sourceTree = "<group>"; };
		A65E0015244944D40021BE49 /* DataSourceProviderForMovieTable.swift */ = {isa = PBXFileReference; lastKnownFileType = sourcecode.swift; path = DataSourceProviderForMovieTable.swift; sourceTree = "<group>"; };
		A65E00172449468B0021BE49 /* TopRatedMoviesDataSource.swift */ = {isa = PBXFileReference; lastKnownFileType = sourcecode.swift; path = TopRatedMoviesDataSource.swift; sourceTree = "<group>"; };
		A65E0019244946DE0021BE49 /* NowPlayingMoviesDataSource.swift */ = {isa = PBXFileReference; lastKnownFileType = sourcecode.swift; path = NowPlayingMoviesDataSource.swift; sourceTree = "<group>"; };
		A65E001B244946FE0021BE49 /* PopularMoviesDataSource.swift */ = {isa = PBXFileReference; lastKnownFileType = sourcecode.swift; path = PopularMoviesDataSource.swift; sourceTree = "<group>"; };
		A65E001D2449471B0021BE49 /* UpcomingMoviesDataSource.swift */ = {isa = PBXFileReference; lastKnownFileType = sourcecode.swift; path = UpcomingMoviesDataSource.swift; sourceTree = "<group>"; };
		A65E001F24494ADA0021BE49 /* LoadMoreMovieDataProtocol.swift */ = {isa = PBXFileReference; lastKnownFileType = sourcecode.swift; path = LoadMoreMovieDataProtocol.swift; sourceTree = "<group>"; };
		A66FB86D24458AB600066249 /* MovieResponse.swift */ = {isa = PBXFileReference; lastKnownFileType = sourcecode.swift; path = MovieResponse.swift; sourceTree = "<group>"; };
		A6725694243EBFFC00654257 /* CircularAnimationView.swift */ = {isa = PBXFileReference; lastKnownFileType = sourcecode.swift; path = CircularAnimationView.swift; sourceTree = "<group>"; };
		A6725697243EF7F100654257 /* Connection.swift */ = {isa = PBXFileReference; lastKnownFileType = sourcecode.swift; path = Connection.swift; sourceTree = "<group>"; };
		A675B4232445577400CF01E8 /* TVShowsViewController.swift */ = {isa = PBXFileReference; lastKnownFileType = sourcecode.swift; path = TVShowsViewController.swift; sourceTree = "<group>"; };
		A675B42724455B2600CF01E8 /* CustomTable.swift */ = {isa = PBXFileReference; lastKnownFileType = sourcecode.swift; path = CustomTable.swift; sourceTree = "<group>"; };
		A675B42D24457A5000CF01E8 /* TVTableViewCell.swift */ = {isa = PBXFileReference; lastKnownFileType = sourcecode.swift; path = TVTableViewCell.swift; sourceTree = "<group>"; };
		A675B43524457EE700CF01E8 /* TVShowsResponse.swift */ = {isa = PBXFileReference; lastKnownFileType = sourcecode.swift; path = TVShowsResponse.swift; sourceTree = "<group>"; };
		A675B437244580A800CF01E8 /* TableContraints.swift */ = {isa = PBXFileReference; lastKnownFileType = sourcecode.swift; path = TableContraints.swift; sourceTree = "<group>"; };
		A6816E372441B49700F57C15 /* Routes.swift */ = {isa = PBXFileReference; lastKnownFileType = sourcecode.swift; path = Routes.swift; sourceTree = "<group>"; };
		A6816E3C2441B91200F57C15 /* LatestMovies.swift */ = {isa = PBXFileReference; lastKnownFileType = sourcecode.swift; path = LatestMovies.swift; sourceTree = "<group>"; };
		A6816E422441BD2600F57C15 /* MoviesDetails.swift */ = {isa = PBXFileReference; lastKnownFileType = sourcecode.swift; path = MoviesDetails.swift; sourceTree = "<group>"; };
		A6816E462441BE4400F57C15 /* MovieResponceWithDates.swift */ = {isa = PBXFileReference; lastKnownFileType = sourcecode.swift; path = MovieResponceWithDates.swift; sourceTree = "<group>"; };
		A6830FEC24499EA900615A2E /* DiscoverViewController.swift */ = {isa = PBXFileReference; lastKnownFileType = sourcecode.swift; path = DiscoverViewController.swift; sourceTree = "<group>"; };
		A6830FEF2449A40400615A2E /* Genre.swift */ = {isa = PBXFileReference; lastKnownFileType = sourcecode.swift; path = Genre.swift; sourceTree = "<group>"; };
		A69E95B12444A47200AEE1B3 /* Discover.storyboard */ = {isa = PBXFileReference; lastKnownFileType = file.storyboard; path = Discover.storyboard; sourceTree = "<group>"; };
		A69E95B32444A4B900AEE1B3 /* TVShows.storyboard */ = {isa = PBXFileReference; lastKnownFileType = file.storyboard; path = TVShows.storyboard; sourceTree = "<group>"; };
		A69E95B52444A4D600AEE1B3 /* More.storyboard */ = {isa = PBXFileReference; lastKnownFileType = file.storyboard; path = More.storyboard; sourceTree = "<group>"; };
		A6B12B172443628300E80E99 /* MovieSearch.swift */ = {isa = PBXFileReference; lastKnownFileType = sourcecode.swift; path = MovieSearch.swift; sourceTree = "<group>"; };
		A6B12B1A2443633200E80E99 /* TVShows.swift */ = {isa = PBXFileReference; lastKnownFileType = sourcecode.swift; path = TVShows.swift; sourceTree = "<group>"; };
		A6B12B1D2443655D00E80E99 /* TVSearch.swift */ = {isa = PBXFileReference; lastKnownFileType = sourcecode.swift; path = TVSearch.swift; sourceTree = "<group>"; };
		A6B2878024419F5800E5A37E /* DBConnection.swift */ = {isa = PBXFileReference; lastKnownFileType = sourcecode.swift; path = DBConnection.swift; sourceTree = "<group>"; };
		A6EE823E24468D490071857E /* MovieTableCellCollectionViewExtension.swift */ = {isa = PBXFileReference; lastKnownFileType = sourcecode.swift; path = MovieTableCellCollectionViewExtension.swift; sourceTree = "<group>"; };
		A6EE824024468DBA0071857E /* MovieTableControllerExtensions.swift */ = {isa = PBXFileReference; lastKnownFileType = sourcecode.swift; path = MovieTableControllerExtensions.swift; sourceTree = "<group>"; };
		A6EE824324468E150071857E /* DataSourceProviderForTableCells.swift */ = {isa = PBXFileReference; lastKnownFileType = sourcecode.swift; path = DataSourceProviderForTableCells.swift; sourceTree = "<group>"; };
		A6EE824524468E4E0071857E /* ONAirTodayShowsDataSource.swift */ = {isa = PBXFileReference; lastKnownFileType = sourcecode.swift; path = ONAirTodayShowsDataSource.swift; sourceTree = "<group>"; };
/* End PBXFileReference section */

/* Begin PBXFrameworksBuildPhase section */
		A63E9389243C4582006A8884 /* Frameworks */ = {
			isa = PBXFrameworksBuildPhase;
			buildActionMask = 2147483647;
			files = (
			);
			runOnlyForDeploymentPostprocessing = 0;
		};
		A63E93A2243C4582006A8884 /* Frameworks */ = {
			isa = PBXFrameworksBuildPhase;
			buildActionMask = 2147483647;
			files = (
			);
			runOnlyForDeploymentPostprocessing = 0;
		};
		A63E93AD243C4582006A8884 /* Frameworks */ = {
			isa = PBXFrameworksBuildPhase;
			buildActionMask = 2147483647;
			files = (
			);
			runOnlyForDeploymentPostprocessing = 0;
		};
/* End PBXFrameworksBuildPhase section */

/* Begin PBXGroup section */
		A609CBF4244223AD005D917C /* ScreenSegus */ = {
			isa = PBXGroup;
			children = (
				A609CBF5244223D8005D917C /* itemDetailSegus.swift */,
			);
			path = ScreenSegus;
			sourceTree = "<group>";
		};
		A63E9383243C4582006A8884 = {
			isa = PBXGroup;
			children = (
				A63E938E243C4582006A8884 /* EntainmentWorld */,
				A63E93A8243C4582006A8884 /* EntainmentWorldTests */,
				A63E93B3243C4582006A8884 /* EntainmentWorldUITests */,
				A63E938D243C4582006A8884 /* Products */,
			);
			sourceTree = "<group>";
		};
		A63E938D243C4582006A8884 /* Products */ = {
			isa = PBXGroup;
			children = (
				A63E938C243C4582006A8884 /* EntainmentWorld.app */,
				A63E93A5243C4582006A8884 /* EntainmentWorldTests.xctest */,
				A63E93B0243C4582006A8884 /* EntainmentWorldUITests.xctest */,
			);
			name = Products;
			sourceTree = "<group>";
		};
		A63E938E243C4582006A8884 /* EntainmentWorld */ = {
			isa = PBXGroup;
			children = (
				A609CBF4244223AD005D917C /* ScreenSegus */,
				A6B2877F24419F3600E5A37E /* Network */,
				A6725696243EF7D700654257 /* DBSetup */,
				A63E93E7243C62F9006A8884 /* Utilities */,
				A63E93C4243C45B3006A8884 /* Controlers */,
				A63E93C3243C45A7006A8884 /* Model */,
				A63E93C2243C4592006A8884 /* Storyboards */,
				A63E938F243C4582006A8884 /* AppDelegate.swift */,
				A63E9391243C4582006A8884 /* SceneDelegate.swift */,
				A63E939B243C4582006A8884 /* Assets.xcassets */,
				A63E93A0243C4582006A8884 /* Info.plist */,
				A63E9398243C4582006A8884 /* EntainmentWorld.xcdatamodeld */,
			);
			path = EntainmentWorld;
			sourceTree = "<group>";
		};
		A63E93A8243C4582006A8884 /* EntainmentWorldTests */ = {
			isa = PBXGroup;
			children = (
				A63E93A9243C4582006A8884 /* EntainmentWorldTests.swift */,
				A63E93AB243C4582006A8884 /* Info.plist */,
			);
			path = EntainmentWorldTests;
			sourceTree = "<group>";
		};
		A63E93B3243C4582006A8884 /* EntainmentWorldUITests */ = {
			isa = PBXGroup;
			children = (
				A63E93B4243C4582006A8884 /* EntainmentWorldUITests.swift */,
				A63E93B6243C4582006A8884 /* Info.plist */,
			);
			path = EntainmentWorldUITests;
			sourceTree = "<group>";
		};
		A63E93C2243C4592006A8884 /* Storyboards */ = {
			isa = PBXGroup;
			children = (
				A63E9395243C4582006A8884 /* Main.storyboard */,
				A63E939D243C4582006A8884 /* LaunchScreen.storyboard */,
				A63E93C6243C46C6006A8884 /* Dashboard.storyboard */,
				A63E93C8243C493F006A8884 /* Search.storyboard */,
				A63E93CA243C4A4F006A8884 /* Fav.storyboard */,
				A63E93DB243C5F0E006A8884 /* Movies.storyboard */,
				A63E93DD243C5F69006A8884 /* Profile.storyboard */,
				A63E93DF243C5FBE006A8884 /* Login.storyboard */,
				A61E668C243F68D200D8D236 /* ItemDetails.storyboard */,
				A69E95B12444A47200AEE1B3 /* Discover.storyboard */,
				A69E95B32444A4B900AEE1B3 /* TVShows.storyboard */,
				A69E95B52444A4D600AEE1B3 /* More.storyboard */,
			);
			path = Storyboards;
			sourceTree = "<group>";
		};
		A63E93C3243C45A7006A8884 /* Model */ = {
			isa = PBXGroup;
			children = (
				A6830FEE2449A3C100615A2E /* Genre */,
				A6B12B1C2443633A00E80E99 /* TV */,
				A6B12B192443629300E80E99 /* Search */,
				A6816E392441B67300F57C15 /* Movies */,
			);
			path = Model;
			sourceTree = "<group>";
		};
		A63E93C4243C45B3006A8884 /* Controlers */ = {
			isa = PBXGroup;
			children = (
				A6830FEB24499E9100615A2E /* Discover */,
				A675B4222445574900CF01E8 /* TVShows */,
				A675B4212445553F00CF01E8 /* More */,
				A675B4202445552F00CF01E8 /* TabBar */,
				A675B41F244554FC00CF01E8 /* Reusable */,
				A675B41E244554AD00CF01E8 /* Movies */,
				A6413CD124440D690037A1A9 /* ItemDetailViewController.swift */,
			);
			path = Controlers;
			sourceTree = "<group>";
		};
		A63E93D2243C4DD3006A8884 /* UIElments */ = {
			isa = PBXGroup;
			children = (
				A63E93D5243C4E1B006A8884 /* customButtons.swift */,
				A63E93EE243C733C006A8884 /* customUIImage.swift */,
				A61176D8243D78B90087BD8A /* CustomUILabel.swift */,
				A61176DA243D78D60087BD8A /* CustomUISwitch.swift */,
				A6725694243EBFFC00654257 /* CircularAnimationView.swift */,
				A61E6686243F591C00D8D236 /* CustomSearchBar.swift */,
				A6413CCF244405640037A1A9 /* UIBarButton.swift */,
				A675B42724455B2600CF01E8 /* CustomTable.swift */,
			);
			path = UIElments;
			sourceTree = "<group>";
		};
		A63E93E7243C62F9006A8884 /* Utilities */ = {
			isa = PBXGroup;
			children = (
				A63E93D2243C4DD3006A8884 /* UIElments */,
				A63E93E8243C631C006A8884 /* UITable.swift */,
				A63E93EA243C6333006A8884 /* UICollection.swift */,
				A63E93EC243C6D37006A8884 /* Constants.swift */,
				A675B437244580A800CF01E8 /* TableContraints.swift */,
			);
			path = Utilities;
			sourceTree = "<group>";
		};
		A65E000024493EA20021BE49 /* UITable */ = {
			isa = PBXGroup;
			children = (
				A6EE824324468E150071857E /* DataSourceProviderForTableCells.swift */,
			);
			path = UITable;
			sourceTree = "<group>";
		};
		A65E000124493EAE0021BE49 /* UICollection */ = {
			isa = PBXGroup;
			children = (
				A6EE824524468E4E0071857E /* ONAirTodayShowsDataSource.swift */,
				A65E000524493F5B0021BE49 /* PopularShowsDataSource.swift */,
				A65E000724493F910021BE49 /* TOPRatedShowsDataSource.swift */,
				A65E000924493FCB0021BE49 /* OnAirShowsDataSource.swift */,
			);
			path = UICollection;
			sourceTree = "<group>";
		};
		A65E000224493EF60021BE49 /* Protocols */ = {
			isa = PBXGroup;
			children = (
				A65E000324493F0A0021BE49 /* LoadMoreDataProtocol.swift */,
			);
			path = Protocols;
			sourceTree = "<group>";
		};
		A65E000B244943890021BE49 /* Cell */ = {
			isa = PBXGroup;
			children = (
				A675B42D24457A5000CF01E8 /* TVTableViewCell.swift */,
			);
			path = Cell;
			sourceTree = "<group>";
		};
		A65E000C2449439E0021BE49 /* ViewController */ = {
			isa = PBXGroup;
			children = (
				A675B4232445577400CF01E8 /* TVShowsViewController.swift */,
			);
			path = ViewController;
			sourceTree = "<group>";
		};
		A65E000D244943CD0021BE49 /* collectionViewHeader */ = {
			isa = PBXGroup;
			children = (
				A61E6688243F5DF800D8D236 /* HeaderForCollectionReusableView.swift */,
			);
			path = collectionViewHeader;
			sourceTree = "<group>";
		};
		A65E000E244943DC0021BE49 /* CollectionViewCell */ = {
			isa = PBXGroup;
			children = (
				A63E93F2243C8296006A8884 /* CollectionViewCell.swift */,
			);
			path = CollectionViewCell;
			sourceTree = "<group>";
		};
		A65E000F244944050021BE49 /* ViewContollers */ = {
			isa = PBXGroup;
			children = (
				A63E93E1243C61AB006A8884 /* MovieViewController.swift */,
			);
			path = ViewContollers;
			sourceTree = "<group>";
		};
		A65E0010244944120021BE49 /* Cell */ = {
			isa = PBXGroup;
			children = (
				A61A3533243D52BC006F16F6 /* MovieTableCell.swift */,
			);
			path = Cell;
			sourceTree = "<group>";
		};
		A65E00112449441E0021BE49 /* Protocols */ = {
			isa = PBXGroup;
			children = (
				A65E001F24494ADA0021BE49 /* LoadMoreMovieDataProtocol.swift */,
			);
			path = Protocols;
			sourceTree = "<group>";
		};
		A65E00122449442A0021BE49 /* DataProviderClasses */ = {
			isa = PBXGroup;
			children = (
				A65E0014244944B10021BE49 /* UITableView */,
				A65E0013244944A70021BE49 /* UICollectionView */,
			);
			path = DataProviderClasses;
			sourceTree = "<group>";
		};
		A65E0013244944A70021BE49 /* UICollectionView */ = {
			isa = PBXGroup;
			children = (
				A65E00172449468B0021BE49 /* TopRatedMoviesDataSource.swift */,
				A65E0019244946DE0021BE49 /* NowPlayingMoviesDataSource.swift */,
				A65E001B244946FE0021BE49 /* PopularMoviesDataSource.swift */,
				A65E001D2449471B0021BE49 /* UpcomingMoviesDataSource.swift */,
			);
			path = UICollectionView;
			sourceTree = "<group>";
		};
		A65E0014244944B10021BE49 /* UITableView */ = {
			isa = PBXGroup;
			children = (
				A65E0015244944D40021BE49 /* DataSourceProviderForMovieTable.swift */,
			);
			path = UITableView;
			sourceTree = "<group>";
		};
		A65EFFFF24493E8C0021BE49 /* DataProviderClasses */ = {
			isa = PBXGroup;
			children = (
				A65E000124493EAE0021BE49 /* UICollection */,
				A65E000024493EA20021BE49 /* UITable */,
			);
			path = DataProviderClasses;
			sourceTree = "<group>";
		};
		A6725696243EF7D700654257 /* DBSetup */ = {
			isa = PBXGroup;
			children = (
				A6725697243EF7F100654257 /* Connection.swift */,
			);
			path = DBSetup;
			sourceTree = "<group>";
		};
		A675B41E244554AD00CF01E8 /* Movies */ = {
			isa = PBXGroup;
			children = (
				A65E00122449442A0021BE49 /* DataProviderClasses */,
				A65E00112449441E0021BE49 /* Protocols */,
				A65E0010244944120021BE49 /* Cell */,
				A65E000F244944050021BE49 /* ViewContollers */,
				A6EE823D24468D170071857E /* Extensions */,
				A63E93CE243C4D4A006A8884 /* SearchViewController.swift */,
				A63E9393243C4582006A8884 /* DashboardViewController.swift */,
			);
			path = Movies;
			sourceTree = "<group>";
		};
		A675B41F244554FC00CF01E8 /* Reusable */ = {
			isa = PBXGroup;
			children = (
				A65E000E244943DC0021BE49 /* CollectionViewCell */,
				A65E000D244943CD0021BE49 /* collectionViewHeader */,
			);
			path = Reusable;
			sourceTree = "<group>";
		};
		A675B4202445552F00CF01E8 /* TabBar */ = {
			isa = PBXGroup;
			children = (
				A63E93CC243C4CB7006A8884 /* UITabViewController.swift */,
			);
			path = TabBar;
			sourceTree = "<group>";
		};
		A675B4212445553F00CF01E8 /* More */ = {
			isa = PBXGroup;
			children = (
				A63E93E5243C61CA006A8884 /* LoginViewController.swift */,
				A63E93D0243C4D56006A8884 /* FavViewController.swift */,
				A63E93E3243C61C0006A8884 /* ProfileViewController.swift */,
			);
			path = More;
			sourceTree = "<group>";
		};
		A675B4222445574900CF01E8 /* TVShows */ = {
			isa = PBXGroup;
			children = (
				A65E000C2449439E0021BE49 /* ViewController */,
				A65E000B244943890021BE49 /* Cell */,
				A65E000224493EF60021BE49 /* Protocols */,
				A65EFFFF24493E8C0021BE49 /* DataProviderClasses */,
			);
			path = TVShows;
			sourceTree = "<group>";
		};
		A6816E392441B67300F57C15 /* Movies */ = {
			isa = PBXGroup;
			children = (
				A6816E3C2441B91200F57C15 /* LatestMovies.swift */,
				A6816E422441BD2600F57C15 /* MoviesDetails.swift */,
				A6816E462441BE4400F57C15 /* MovieResponceWithDates.swift */,
				A66FB86D24458AB600066249 /* MovieResponse.swift */,
			);
			path = Movies;
			sourceTree = "<group>";
		};
		A6830FEB24499E9100615A2E /* Discover */ = {
			isa = PBXGroup;
			children = (
				A6830FEC24499EA900615A2E /* DiscoverViewController.swift */,
			);
			path = Discover;
			sourceTree = "<group>";
		};
		A6830FEE2449A3C100615A2E /* Genre */ = {
			isa = PBXGroup;
			children = (
				A6830FEF2449A40400615A2E /* Genre.swift */,
			);
			path = Genre;
			sourceTree = "<group>";
		};
		A6B12B192443629300E80E99 /* Search */ = {
			isa = PBXGroup;
			children = (
				A6B12B172443628300E80E99 /* MovieSearch.swift */,
				A6B12B1D2443655D00E80E99 /* TVSearch.swift */,
			);
			path = Search;
			sourceTree = "<group>";
		};
		A6B12B1C2443633A00E80E99 /* TV */ = {
			isa = PBXGroup;
			children = (
				A6B12B1A2443633200E80E99 /* TVShows.swift */,
				A675B43524457EE700CF01E8 /* TVShowsResponse.swift */,
			);
			path = TV;
			sourceTree = "<group>";
		};
		A6B2877F24419F3600E5A37E /* Network */ = {
			isa = PBXGroup;
			children = (
				A6B2878024419F5800E5A37E /* DBConnection.swift */,
				A6816E372441B49700F57C15 /* Routes.swift */,
			);
			path = Network;
			sourceTree = "<group>";
		};
		A6EE823D24468D170071857E /* Extensions */ = {
			isa = PBXGroup;
			children = (
				A6EE823E24468D490071857E /* MovieTableCellCollectionViewExtension.swift */,
				A6EE824024468DBA0071857E /* MovieTableControllerExtensions.swift */,
			);
			path = Extensions;
			sourceTree = "<group>";
		};
/* End PBXGroup section */

/* Begin PBXNativeTarget section */
		A63E938B243C4582006A8884 /* EntainmentWorld */ = {
			isa = PBXNativeTarget;
			buildConfigurationList = A63E93B9243C4582006A8884 /* Build configuration list for PBXNativeTarget "EntainmentWorld" */;
			buildPhases = (
				A63E9388243C4582006A8884 /* Sources */,
				A63E9389243C4582006A8884 /* Frameworks */,
				A63E938A243C4582006A8884 /* Resources */,
			);
			buildRules = (
			);
			dependencies = (
			);
			name = EntainmentWorld;
			productName = EntainmentWorld;
			productReference = A63E938C243C4582006A8884 /* EntainmentWorld.app */;
			productType = "com.apple.product-type.application";
		};
		A63E93A4243C4582006A8884 /* EntainmentWorldTests */ = {
			isa = PBXNativeTarget;
			buildConfigurationList = A63E93BC243C4582006A8884 /* Build configuration list for PBXNativeTarget "EntainmentWorldTests" */;
			buildPhases = (
				A63E93A1243C4582006A8884 /* Sources */,
				A63E93A2243C4582006A8884 /* Frameworks */,
				A63E93A3243C4582006A8884 /* Resources */,
			);
			buildRules = (
			);
			dependencies = (
				A63E93A7243C4582006A8884 /* PBXTargetDependency */,
			);
			name = EntainmentWorldTests;
			productName = EntainmentWorldTests;
			productReference = A63E93A5243C4582006A8884 /* EntainmentWorldTests.xctest */;
			productType = "com.apple.product-type.bundle.unit-test";
		};
		A63E93AF243C4582006A8884 /* EntainmentWorldUITests */ = {
			isa = PBXNativeTarget;
			buildConfigurationList = A63E93BF243C4582006A8884 /* Build configuration list for PBXNativeTarget "EntainmentWorldUITests" */;
			buildPhases = (
				A63E93AC243C4582006A8884 /* Sources */,
				A63E93AD243C4582006A8884 /* Frameworks */,
				A63E93AE243C4582006A8884 /* Resources */,
			);
			buildRules = (
			);
			dependencies = (
				A63E93B2243C4582006A8884 /* PBXTargetDependency */,
			);
			name = EntainmentWorldUITests;
			productName = EntainmentWorldUITests;
			productReference = A63E93B0243C4582006A8884 /* EntainmentWorldUITests.xctest */;
			productType = "com.apple.product-type.bundle.ui-testing";
		};
/* End PBXNativeTarget section */

/* Begin PBXProject section */
		A63E9384243C4582006A8884 /* Project object */ = {
			isa = PBXProject;
			attributes = {
				LastSwiftUpdateCheck = 1130;
				LastUpgradeCheck = 1130;
				ORGANIZATIONNAME = "CHARNPREET SINGH";
				TargetAttributes = {
					A63E938B243C4582006A8884 = {
						CreatedOnToolsVersion = 11.3.1;
					};
					A63E93A4243C4582006A8884 = {
						CreatedOnToolsVersion = 11.3.1;
						TestTargetID = A63E938B243C4582006A8884;
					};
					A63E93AF243C4582006A8884 = {
						CreatedOnToolsVersion = 11.3.1;
						TestTargetID = A63E938B243C4582006A8884;
					};
				};
			};
			buildConfigurationList = A63E9387243C4582006A8884 /* Build configuration list for PBXProject "EntainmentWorld" */;
			compatibilityVersion = "Xcode 9.3";
			developmentRegion = en;
			hasScannedForEncodings = 0;
			knownRegions = (
				en,
				Base,
			);
			mainGroup = A63E9383243C4582006A8884;
			productRefGroup = A63E938D243C4582006A8884 /* Products */;
			projectDirPath = "";
			projectRoot = "";
			targets = (
				A63E938B243C4582006A8884 /* EntainmentWorld */,
				A63E93A4243C4582006A8884 /* EntainmentWorldTests */,
				A63E93AF243C4582006A8884 /* EntainmentWorldUITests */,
			);
		};
/* End PBXProject section */

/* Begin PBXResourcesBuildPhase section */
		A63E938A243C4582006A8884 /* Resources */ = {
			isa = PBXResourcesBuildPhase;
			buildActionMask = 2147483647;
			files = (
				A63E939F243C4582006A8884 /* LaunchScreen.storyboard in Resources */,
				A63E939C243C4582006A8884 /* Assets.xcassets in Resources */,
				A63E93DE243C5F69006A8884 /* Profile.storyboard in Resources */,
				A69E95B42444A4B900AEE1B3 /* TVShows.storyboard in Resources */,
				A69E95B22444A47200AEE1B3 /* Discover.storyboard in Resources */,
				A63E9397243C4582006A8884 /* Main.storyboard in Resources */,
				A69E95B62444A4D600AEE1B3 /* More.storyboard in Resources */,
				A61E668D243F68D200D8D236 /* ItemDetails.storyboard in Resources */,
				A63E93C7243C46C6006A8884 /* Dashboard.storyboard in Resources */,
				A63E93CB243C4A4F006A8884 /* Fav.storyboard in Resources */,
				A63E93DC243C5F0E006A8884 /* Movies.storyboard in Resources */,
				A63E93C9243C493F006A8884 /* Search.storyboard in Resources */,
				A63E93E0243C5FBE006A8884 /* Login.storyboard in Resources */,
			);
			runOnlyForDeploymentPostprocessing = 0;
		};
		A63E93A3243C4582006A8884 /* Resources */ = {
			isa = PBXResourcesBuildPhase;
			buildActionMask = 2147483647;
			files = (
			);
			runOnlyForDeploymentPostprocessing = 0;
		};
		A63E93AE243C4582006A8884 /* Resources */ = {
			isa = PBXResourcesBuildPhase;
			buildActionMask = 2147483647;
			files = (
			);
			runOnlyForDeploymentPostprocessing = 0;
		};
/* End PBXResourcesBuildPhase section */

/* Begin PBXSourcesBuildPhase section */
		A63E9388243C4582006A8884 /* Sources */ = {
			isa = PBXSourcesBuildPhase;
			buildActionMask = 2147483647;
			files = (
				A6725695243EBFFC00654257 /* CircularAnimationView.swift in Sources */,
				A66FB86E24458AB600066249 /* MovieResponse.swift in Sources */,
				A63E93D6243C4E1B006A8884 /* customButtons.swift in Sources */,
				A63E93CF243C4D4A006A8884 /* SearchViewController.swift in Sources */,
				A6B2878124419F5800E5A37E /* DBConnection.swift in Sources */,
				A6725698243EF7F100654257 /* Connection.swift in Sources */,
				A6816E3D2441B91200F57C15 /* LatestMovies.swift in Sources */,
				A65E001A244946DE0021BE49 /* NowPlayingMoviesDataSource.swift in Sources */,
				A675B42E24457A5000CF01E8 /* TVTableViewCell.swift in Sources */,
				A675B42824455B2600CF01E8 /* CustomTable.swift in Sources */,
				A63E93E4243C61C0006A8884 /* ProfileViewController.swift in Sources */,
				A63E9394243C4582006A8884 /* DashboardViewController.swift in Sources */,
				A675B4242445577400CF01E8 /* TVShowsViewController.swift in Sources */,
				A609CBF6244223D8005D917C /* itemDetailSegus.swift in Sources */,
				A6B12B1B2443633200E80E99 /* TVShows.swift in Sources */,
				A63E93D1243C4D56006A8884 /* FavViewController.swift in Sources */,
				A63E93CD243C4CB7006A8884 /* UITabViewController.swift in Sources */,
				A65E001C244946FE0021BE49 /* PopularMoviesDataSource.swift in Sources */,
				A65E001E2449471B0021BE49 /* UpcomingMoviesDataSource.swift in Sources */,
				A6830FED24499EA900615A2E /* DiscoverViewController.swift in Sources */,
				A65E0016244944D40021BE49 /* DataSourceProviderForMovieTable.swift in Sources */,
				A61E6689243F5DF800D8D236 /* HeaderForCollectionReusableView.swift in Sources */,
				A61176DB243D78D60087BD8A /* CustomUISwitch.swift in Sources */,
				A63E93E2243C61AB006A8884 /* MovieViewController.swift in Sources */,
				A63E9390243C4582006A8884 /* AppDelegate.swift in Sources */,
				A63E93F3243C8296006A8884 /* CollectionViewCell.swift in Sources */,
				A6413CD0244405640037A1A9 /* UIBarButton.swift in Sources */,
				A6EE824624468E4E0071857E /* ONAirTodayShowsDataSource.swift in Sources */,
				A63E9392243C4582006A8884 /* SceneDelegate.swift in Sources */,
				A6B12B1E2443655D00E80E99 /* TVSearch.swift in Sources */,
				A65E002024494ADA0021BE49 /* LoadMoreMovieDataProtocol.swift in Sources */,
				A63E939A243C4582006A8884 /* EntainmentWorld.xcdatamodeld in Sources */,
				A6B12B182443628300E80E99 /* MovieSearch.swift in Sources */,
				A675B43624457EE700CF01E8 /* TVShowsResponse.swift in Sources */,
				A61E6687243F591C00D8D236 /* CustomSearchBar.swift in Sources */,
				A6EE824424468E150071857E /* DataSourceProviderForTableCells.swift in Sources */,
				A61A3534243D52BC006F16F6 /* MovieTableCell.swift in Sources */,
				A675B438244580A800CF01E8 /* TableContraints.swift in Sources */,
				A63E93EB243C6333006A8884 /* UICollection.swift in Sources */,
				A6816E432441BD2600F57C15 /* MoviesDetails.swift in Sources */,
				A6EE824124468DBA0071857E /* MovieTableControllerExtensions.swift in Sources */,
				A61176D9243D78B90087BD8A /* CustomUILabel.swift in Sources */,
				A6816E382441B49700F57C15 /* Routes.swift in Sources */,
				A65E000624493F5B0021BE49 /* PopularShowsDataSource.swift in Sources */,
				A63E93EF243C733C006A8884 /* customUIImage.swift in Sources */,
				A63E93ED243C6D37006A8884 /* Constants.swift in Sources */,
				A6413CD224440D690037A1A9 /* ItemDetailViewController.swift in Sources */,
				A6816E472441BE4400F57C15 /* MovieResponceWithDates.swift in Sources */,
				A6EE823F24468D490071857E /* MovieTableCellCollectionViewExtension.swift in Sources */,
				A65E000824493F910021BE49 /* TOPRatedShowsDataSource.swift in Sources */,
				A63E93E9243C631C006A8884 /* UITable.swift in Sources */,
				A65E00182449468B0021BE49 /* TopRatedMoviesDataSource.swift in Sources */,
				A65E000A24493FCB0021BE49 /* OnAirShowsDataSource.swift in Sources */,
				A63E93E6243C61CA006A8884 /* LoginViewController.swift in Sources */,
				A65E000424493F0A0021BE49 /* LoadMoreDataProtocol.swift in Sources */,
				A6830FF02449A40400615A2E /* Genre.swift in Sources */,
			);
			runOnlyForDeploymentPostprocessing = 0;
		};
		A63E93A1243C4582006A8884 /* Sources */ = {
			isa = PBXSourcesBuildPhase;
			buildActionMask = 2147483647;
			files = (
				A63E93AA243C4582006A8884 /* EntainmentWorldTests.swift in Sources */,
			);
			runOnlyForDeploymentPostprocessing = 0;
		};
		A63E93AC243C4582006A8884 /* Sources */ = {
			isa = PBXSourcesBuildPhase;
			buildActionMask = 2147483647;
			files = (
				A63E93B5243C4582006A8884 /* EntainmentWorldUITests.swift in Sources */,
			);
			runOnlyForDeploymentPostprocessing = 0;
		};
/* End PBXSourcesBuildPhase section */

/* Begin PBXTargetDependency section */
		A63E93A7243C4582006A8884 /* PBXTargetDependency */ = {
			isa = PBXTargetDependency;
			target = A63E938B243C4582006A8884 /* EntainmentWorld */;
			targetProxy = A63E93A6243C4582006A8884 /* PBXContainerItemProxy */;
		};
		A63E93B2243C4582006A8884 /* PBXTargetDependency */ = {
			isa = PBXTargetDependency;
			target = A63E938B243C4582006A8884 /* EntainmentWorld */;
			targetProxy = A63E93B1243C4582006A8884 /* PBXContainerItemProxy */;
		};
/* End PBXTargetDependency section */

/* Begin PBXVariantGroup section */
		A63E9395243C4582006A8884 /* Main.storyboard */ = {
			isa = PBXVariantGroup;
			children = (
				A63E9396243C4582006A8884 /* Base */,
			);
			name = Main.storyboard;
			sourceTree = "<group>";
		};
		A63E939D243C4582006A8884 /* LaunchScreen.storyboard */ = {
			isa = PBXVariantGroup;
			children = (
				A63E939E243C4582006A8884 /* Base */,
			);
			name = LaunchScreen.storyboard;
			sourceTree = "<group>";
		};
/* End PBXVariantGroup section */

/* Begin XCBuildConfiguration section */
		A63E93B7243C4582006A8884 /* Debug */ = {
			isa = XCBuildConfiguration;
			buildSettings = {
				ALWAYS_SEARCH_USER_PATHS = NO;
				CLANG_ANALYZER_NONNULL = YES;
				CLANG_ANALYZER_NUMBER_OBJECT_CONVERSION = YES_AGGRESSIVE;
				CLANG_CXX_LANGUAGE_STANDARD = "gnu++14";
				CLANG_CXX_LIBRARY = "libc++";
				CLANG_ENABLE_MODULES = YES;
				CLANG_ENABLE_OBJC_ARC = YES;
				CLANG_ENABLE_OBJC_WEAK = YES;
				CLANG_WARN_BLOCK_CAPTURE_AUTORELEASING = YES;
				CLANG_WARN_BOOL_CONVERSION = YES;
				CLANG_WARN_COMMA = YES;
				CLANG_WARN_CONSTANT_CONVERSION = YES;
				CLANG_WARN_DEPRECATED_OBJC_IMPLEMENTATIONS = YES;
				CLANG_WARN_DIRECT_OBJC_ISA_USAGE = YES_ERROR;
				CLANG_WARN_DOCUMENTATION_COMMENTS = YES;
				CLANG_WARN_EMPTY_BODY = YES;
				CLANG_WARN_ENUM_CONVERSION = YES;
				CLANG_WARN_INFINITE_RECURSION = YES;
				CLANG_WARN_INT_CONVERSION = YES;
				CLANG_WARN_NON_LITERAL_NULL_CONVERSION = YES;
				CLANG_WARN_OBJC_IMPLICIT_RETAIN_SELF = YES;
				CLANG_WARN_OBJC_LITERAL_CONVERSION = YES;
				CLANG_WARN_OBJC_ROOT_CLASS = YES_ERROR;
				CLANG_WARN_RANGE_LOOP_ANALYSIS = YES;
				CLANG_WARN_STRICT_PROTOTYPES = YES;
				CLANG_WARN_SUSPICIOUS_MOVE = YES;
				CLANG_WARN_UNGUARDED_AVAILABILITY = YES_AGGRESSIVE;
				CLANG_WARN_UNREACHABLE_CODE = YES;
				CLANG_WARN__DUPLICATE_METHOD_MATCH = YES;
				COPY_PHASE_STRIP = NO;
				DEBUG_INFORMATION_FORMAT = dwarf;
				ENABLE_STRICT_OBJC_MSGSEND = YES;
				ENABLE_TESTABILITY = YES;
				GCC_C_LANGUAGE_STANDARD = gnu11;
				GCC_DYNAMIC_NO_PIC = NO;
				GCC_NO_COMMON_BLOCKS = YES;
				GCC_OPTIMIZATION_LEVEL = 0;
				GCC_PREPROCESSOR_DEFINITIONS = (
					"DEBUG=1",
					"$(inherited)",
				);
				GCC_WARN_64_TO_32_BIT_CONVERSION = YES;
				GCC_WARN_ABOUT_RETURN_TYPE = YES_ERROR;
				GCC_WARN_UNDECLARED_SELECTOR = YES;
				GCC_WARN_UNINITIALIZED_AUTOS = YES_AGGRESSIVE;
				GCC_WARN_UNUSED_FUNCTION = YES;
				GCC_WARN_UNUSED_VARIABLE = YES;
				IPHONEOS_DEPLOYMENT_TARGET = 13.2;
				MTL_ENABLE_DEBUG_INFO = INCLUDE_SOURCE;
				MTL_FAST_MATH = YES;
				ONLY_ACTIVE_ARCH = YES;
				SDKROOT = iphoneos;
				SWIFT_ACTIVE_COMPILATION_CONDITIONS = DEBUG;
				SWIFT_OPTIMIZATION_LEVEL = "-Onone";
			};
			name = Debug;
		};
		A63E93B8243C4582006A8884 /* Release */ = {
			isa = XCBuildConfiguration;
			buildSettings = {
				ALWAYS_SEARCH_USER_PATHS = NO;
				CLANG_ANALYZER_NONNULL = YES;
				CLANG_ANALYZER_NUMBER_OBJECT_CONVERSION = YES_AGGRESSIVE;
				CLANG_CXX_LANGUAGE_STANDARD = "gnu++14";
				CLANG_CXX_LIBRARY = "libc++";
				CLANG_ENABLE_MODULES = YES;
				CLANG_ENABLE_OBJC_ARC = YES;
				CLANG_ENABLE_OBJC_WEAK = YES;
				CLANG_WARN_BLOCK_CAPTURE_AUTORELEASING = YES;
				CLANG_WARN_BOOL_CONVERSION = YES;
				CLANG_WARN_COMMA = YES;
				CLANG_WARN_CONSTANT_CONVERSION = YES;
				CLANG_WARN_DEPRECATED_OBJC_IMPLEMENTATIONS = YES;
				CLANG_WARN_DIRECT_OBJC_ISA_USAGE = YES_ERROR;
				CLANG_WARN_DOCUMENTATION_COMMENTS = YES;
				CLANG_WARN_EMPTY_BODY = YES;
				CLANG_WARN_ENUM_CONVERSION = YES;
				CLANG_WARN_INFINITE_RECURSION = YES;
				CLANG_WARN_INT_CONVERSION = YES;
				CLANG_WARN_NON_LITERAL_NULL_CONVERSION = YES;
				CLANG_WARN_OBJC_IMPLICIT_RETAIN_SELF = YES;
				CLANG_WARN_OBJC_LITERAL_CONVERSION = YES;
				CLANG_WARN_OBJC_ROOT_CLASS = YES_ERROR;
				CLANG_WARN_RANGE_LOOP_ANALYSIS = YES;
				CLANG_WARN_STRICT_PROTOTYPES = YES;
				CLANG_WARN_SUSPICIOUS_MOVE = YES;
				CLANG_WARN_UNGUARDED_AVAILABILITY = YES_AGGRESSIVE;
				CLANG_WARN_UNREACHABLE_CODE = YES;
				CLANG_WARN__DUPLICATE_METHOD_MATCH = YES;
				COPY_PHASE_STRIP = NO;
				DEBUG_INFORMATION_FORMAT = "dwarf-with-dsym";
				ENABLE_NS_ASSERTIONS = NO;
				ENABLE_STRICT_OBJC_MSGSEND = YES;
				GCC_C_LANGUAGE_STANDARD = gnu11;
				GCC_NO_COMMON_BLOCKS = YES;
				GCC_WARN_64_TO_32_BIT_CONVERSION = YES;
				GCC_WARN_ABOUT_RETURN_TYPE = YES_ERROR;
				GCC_WARN_UNDECLARED_SELECTOR = YES;
				GCC_WARN_UNINITIALIZED_AUTOS = YES_AGGRESSIVE;
				GCC_WARN_UNUSED_FUNCTION = YES;
				GCC_WARN_UNUSED_VARIABLE = YES;
				IPHONEOS_DEPLOYMENT_TARGET = 13.2;
				MTL_ENABLE_DEBUG_INFO = NO;
				MTL_FAST_MATH = YES;
				SDKROOT = iphoneos;
				SWIFT_COMPILATION_MODE = wholemodule;
				SWIFT_OPTIMIZATION_LEVEL = "-O";
				VALIDATE_PRODUCT = YES;
			};
			name = Release;
		};
		A63E93BA243C4582006A8884 /* Debug */ = {
			isa = XCBuildConfiguration;
			buildSettings = {
				ASSETCATALOG_COMPILER_APPICON_NAME = AppIcon;
				CODE_SIGN_STYLE = Automatic;
				DEVELOPMENT_TEAM = 274FU8ZBEU;
				INFOPLIST_FILE = EntainmentWorld/Info.plist;
				LD_RUNPATH_SEARCH_PATHS = (
					"$(inherited)",
					"@executable_path/Frameworks",
				);
				PRODUCT_BUNDLE_IDENTIFIER = charnpreet.EntainmentWorld;
				PRODUCT_NAME = "$(TARGET_NAME)";
				SWIFT_VERSION = 5.0;
				TARGETED_DEVICE_FAMILY = 1;
			};
			name = Debug;
		};
		A63E93BB243C4582006A8884 /* Release */ = {
			isa = XCBuildConfiguration;
			buildSettings = {
				ASSETCATALOG_COMPILER_APPICON_NAME = AppIcon;
				CODE_SIGN_STYLE = Automatic;
				DEVELOPMENT_TEAM = 274FU8ZBEU;
				INFOPLIST_FILE = EntainmentWorld/Info.plist;
				LD_RUNPATH_SEARCH_PATHS = (
					"$(inherited)",
					"@executable_path/Frameworks",
				);
				PRODUCT_BUNDLE_IDENTIFIER = charnpreet.EntainmentWorld;
				PRODUCT_NAME = "$(TARGET_NAME)";
				SWIFT_VERSION = 5.0;
				TARGETED_DEVICE_FAMILY = 1;
			};
			name = Release;
		};
		A63E93BD243C4582006A8884 /* Debug */ = {
			isa = XCBuildConfiguration;
			buildSettings = {
				ALWAYS_EMBED_SWIFT_STANDARD_LIBRARIES = YES;
				BUNDLE_LOADER = "$(TEST_HOST)";
				CODE_SIGN_STYLE = Automatic;
				DEVELOPMENT_TEAM = 274FU8ZBEU;
				INFOPLIST_FILE = EntainmentWorldTests/Info.plist;
				IPHONEOS_DEPLOYMENT_TARGET = 13.2;
				LD_RUNPATH_SEARCH_PATHS = (
					"$(inherited)",
					"@executable_path/Frameworks",
					"@loader_path/Frameworks",
				);
				PRODUCT_BUNDLE_IDENTIFIER = charnpreet.EntainmentWorldTests;
				PRODUCT_NAME = "$(TARGET_NAME)";
				SWIFT_VERSION = 5.0;
				TARGETED_DEVICE_FAMILY = "1,2";
				TEST_HOST = "$(BUILT_PRODUCTS_DIR)/EntainmentWorld.app/EntainmentWorld";
			};
			name = Debug;
		};
		A63E93BE243C4582006A8884 /* Release */ = {
			isa = XCBuildConfiguration;
			buildSettings = {
				ALWAYS_EMBED_SWIFT_STANDARD_LIBRARIES = YES;
				BUNDLE_LOADER = "$(TEST_HOST)";
				CODE_SIGN_STYLE = Automatic;
				DEVELOPMENT_TEAM = 274FU8ZBEU;
				INFOPLIST_FILE = EntainmentWorldTests/Info.plist;
				IPHONEOS_DEPLOYMENT_TARGET = 13.2;
				LD_RUNPATH_SEARCH_PATHS = (
					"$(inherited)",
					"@executable_path/Frameworks",
					"@loader_path/Frameworks",
				);
				PRODUCT_BUNDLE_IDENTIFIER = charnpreet.EntainmentWorldTests;
				PRODUCT_NAME = "$(TARGET_NAME)";
				SWIFT_VERSION = 5.0;
				TARGETED_DEVICE_FAMILY = "1,2";
				TEST_HOST = "$(BUILT_PRODUCTS_DIR)/EntainmentWorld.app/EntainmentWorld";
			};
			name = Release;
		};
		A63E93C0243C4582006A8884 /* Debug */ = {
			isa = XCBuildConfiguration;
			buildSettings = {
				ALWAYS_EMBED_SWIFT_STANDARD_LIBRARIES = YES;
				CODE_SIGN_STYLE = Automatic;
				DEVELOPMENT_TEAM = 274FU8ZBEU;
				INFOPLIST_FILE = EntainmentWorldUITests/Info.plist;
				LD_RUNPATH_SEARCH_PATHS = (
					"$(inherited)",
					"@executable_path/Frameworks",
					"@loader_path/Frameworks",
				);
				PRODUCT_BUNDLE_IDENTIFIER = charnpreet.EntainmentWorldUITests;
				PRODUCT_NAME = "$(TARGET_NAME)";
				SWIFT_VERSION = 5.0;
				TARGETED_DEVICE_FAMILY = "1,2";
				TEST_TARGET_NAME = EntainmentWorld;
			};
			name = Debug;
		};
		A63E93C1243C4582006A8884 /* Release */ = {
			isa = XCBuildConfiguration;
			buildSettings = {
				ALWAYS_EMBED_SWIFT_STANDARD_LIBRARIES = YES;
				CODE_SIGN_STYLE = Automatic;
				DEVELOPMENT_TEAM = 274FU8ZBEU;
				INFOPLIST_FILE = EntainmentWorldUITests/Info.plist;
				LD_RUNPATH_SEARCH_PATHS = (
					"$(inherited)",
					"@executable_path/Frameworks",
					"@loader_path/Frameworks",
				);
				PRODUCT_BUNDLE_IDENTIFIER = charnpreet.EntainmentWorldUITests;
				PRODUCT_NAME = "$(TARGET_NAME)";
				SWIFT_VERSION = 5.0;
				TARGETED_DEVICE_FAMILY = "1,2";
				TEST_TARGET_NAME = EntainmentWorld;
			};
			name = Release;
		};
/* End XCBuildConfiguration section */

/* Begin XCConfigurationList section */
		A63E9387243C4582006A8884 /* Build configuration list for PBXProject "EntainmentWorld" */ = {
			isa = XCConfigurationList;
			buildConfigurations = (
				A63E93B7243C4582006A8884 /* Debug */,
				A63E93B8243C4582006A8884 /* Release */,
			);
			defaultConfigurationIsVisible = 0;
			defaultConfigurationName = Release;
		};
		A63E93B9243C4582006A8884 /* Build configuration list for PBXNativeTarget "EntainmentWorld" */ = {
			isa = XCConfigurationList;
			buildConfigurations = (
				A63E93BA243C4582006A8884 /* Debug */,
				A63E93BB243C4582006A8884 /* Release */,
			);
			defaultConfigurationIsVisible = 0;
			defaultConfigurationName = Release;
		};
		A63E93BC243C4582006A8884 /* Build configuration list for PBXNativeTarget "EntainmentWorldTests" */ = {
			isa = XCConfigurationList;
			buildConfigurations = (
				A63E93BD243C4582006A8884 /* Debug */,
				A63E93BE243C4582006A8884 /* Release */,
			);
			defaultConfigurationIsVisible = 0;
			defaultConfigurationName = Release;
		};
		A63E93BF243C4582006A8884 /* Build configuration list for PBXNativeTarget "EntainmentWorldUITests" */ = {
			isa = XCConfigurationList;
			buildConfigurations = (
				A63E93C0243C4582006A8884 /* Debug */,
				A63E93C1243C4582006A8884 /* Release */,
			);
			defaultConfigurationIsVisible = 0;
			defaultConfigurationName = Release;
		};
/* End XCConfigurationList section */

/* Begin XCVersionGroup section */
		A63E9398243C4582006A8884 /* EntainmentWorld.xcdatamodeld */ = {
			isa = XCVersionGroup;
			children = (
				A63E9399243C4582006A8884 /* EntainmentWorld.xcdatamodel */,
			);
			currentVersion = A63E9399243C4582006A8884 /* EntainmentWorld.xcdatamodel */;
			path = EntainmentWorld.xcdatamodeld;
			sourceTree = "<group>";
			versionGroupType = wrapper.xcdatamodel;
		};
/* End XCVersionGroup section */
	};
	rootObject = A63E9384243C4582006A8884 /* Project object */;
}
